// !$*UTF8*$!
{
	archiveVersion = 1;
	classes = {
	};
	objectVersion = 46;
	objects = {

/* Begin PBXBuildFile section */
		6BDCE5A64F9078FA9AEAED58 /* libPods-MNUtil.a in Frameworks */ = {isa = PBXBuildFile; fileRef = 8D4AD68524B74F70E9B87A82 /* libPods-MNUtil.a */; };
		95188D281D9280CC0065C1CC /* CircleProgressView.m in Sources */ = {isa = PBXBuildFile; fileRef = 95188D271D9280CC0065C1CC /* CircleProgressView.m */; };
		95188D2B1D9292E10065C1CC /* XMGWaterflowLayout.m in Sources */ = {isa = PBXBuildFile; fileRef = 95188D2A1D9292E10065C1CC /* XMGWaterflowLayout.m */; };
		954D9D1B1DD2CE0700DB4447 /* MNNavigationViewController.m in Sources */ = {isa = PBXBuildFile; fileRef = 954D9D1A1DD2CE0700DB4447 /* MNNavigationViewController.m */; };
		954D9D1E1DD2CE8100DB4447 /* LCNavigationController.m in Sources */ = {isa = PBXBuildFile; fileRef = 954D9D1D1DD2CE8100DB4447 /* LCNavigationController.m */; };
		954D9D221DD2FC9700DB4447 /* UINavigationController+FDFullscreenPopGesture.m in Sources */ = {isa = PBXBuildFile; fileRef = 954D9D211DD2FC9700DB4447 /* UINavigationController+FDFullscreenPopGesture.m */; };
		958367071D8F8E0C005E5E9A /* main.m in Sources */ = {isa = PBXBuildFile; fileRef = 958367061D8F8E0C005E5E9A /* main.m */; };
		9583670A1D8F8E0C005E5E9A /* AppDelegate.m in Sources */ = {isa = PBXBuildFile; fileRef = 958367091D8F8E0C005E5E9A /* AppDelegate.m */; };
		9583670D1D8F8E0C005E5E9A /* ViewController.m in Sources */ = {isa = PBXBuildFile; fileRef = 9583670C1D8F8E0C005E5E9A /* ViewController.m */; };
		958367121D8F8E0C005E5E9A /* Assets.xcassets in Resources */ = {isa = PBXBuildFile; fileRef = 958367111D8F8E0C005E5E9A /* Assets.xcassets */; };
		958367151D8F8E0C005E5E9A /* LaunchScreen.storyboard in Resources */ = {isa = PBXBuildFile; fileRef = 958367131D8F8E0C005E5E9A /* LaunchScreen.storyboard */; };
		958367201D8F8E0C005E5E9A /* MNUtilTests.m in Sources */ = {isa = PBXBuildFile; fileRef = 9583671F1D8F8E0C005E5E9A /* MNUtilTests.m */; };
		9583672B1D8F8E0C005E5E9A /* MNUtilUITests.m in Sources */ = {isa = PBXBuildFile; fileRef = 9583672A1D8F8E0C005E5E9A /* MNUtilUITests.m */; };
		9583673A1D8F8E37005E5E9A /* MNUtil.m in Sources */ = {isa = PBXBuildFile; fileRef = 958367391D8F8E37005E5E9A /* MNUtil.m */; };
		958881081DACD175002F9318 /* NSObject+MN.m in Sources */ = {isa = PBXBuildFile; fileRef = 958881071DACD175002F9318 /* NSObject+MN.m */; };
		95BA042C1DB5EFF7009FC4B7 /* test1ViewController.m in Sources */ = {isa = PBXBuildFile; fileRef = 95BA042A1DB5EFF7009FC4B7 /* test1ViewController.m */; };
		95BA042D1DB5EFF7009FC4B7 /* test1ViewController.xib in Resources */ = {isa = PBXBuildFile; fileRef = 95BA042B1DB5EFF7009FC4B7 /* test1ViewController.xib */; };
		95BA04351DB5FDF0009FC4B7 /* CollectBtn.xib in Resources */ = {isa = PBXBuildFile; fileRef = 95BA04341DB5FDF0009FC4B7 /* CollectBtn.xib */; };
		95BA04381DB5FEEE009FC4B7 /* CollectBtn.m in Sources */ = {isa = PBXBuildFile; fileRef = 95BA04371DB5FEEE009FC4B7 /* CollectBtn.m */; };
		95BAD1B11D91139400F06947 /* NSArray+Log.m in Sources */ = {isa = PBXBuildFile; fileRef = 95BAD1B01D91139400F06947 /* NSArray+Log.m */; };
		95E14D411DDD4D1E009D4B9F /* PopAnimation.m in Sources */ = {isa = PBXBuildFile; fileRef = 95E14D401DDD4D1E009D4B9F /* PopAnimation.m */; };
		95E14D471DDD5456009D4B9F /* QRcodeScanViewController.m in Sources */ = {isa = PBXBuildFile; fileRef = 95E14D451DDD5456009D4B9F /* QRcodeScanViewController.m */; };
		95E14D481DDD5456009D4B9F /* QRcodeScanViewController.xib in Resources */ = {isa = PBXBuildFile; fileRef = 95E14D461DDD5456009D4B9F /* QRcodeScanViewController.xib */; };
		95E14D4C1DDD7A09009D4B9F /* na1ViewController.m in Sources */ = {isa = PBXBuildFile; fileRef = 95E14D4A1DDD7A09009D4B9F /* na1ViewController.m */; };
		95E14D4D1DDD7A09009D4B9F /* na1ViewController.xib in Resources */ = {isa = PBXBuildFile; fileRef = 95E14D4B1DDD7A09009D4B9F /* na1ViewController.xib */; };
		95E14D511DDD7A20009D4B9F /* na2ViewController.m in Sources */ = {isa = PBXBuildFile; fileRef = 95E14D4F1DDD7A20009D4B9F /* na2ViewController.m */; };
		95E14D521DDD7A20009D4B9F /* na2ViewController.xib in Resources */ = {isa = PBXBuildFile; fileRef = 95E14D501DDD7A20009D4B9F /* na2ViewController.xib */; };
		95E14D551DDD9FAE009D4B9F /* MNNaviAnimation.m in Sources */ = {isa = PBXBuildFile; fileRef = 95E14D541DDD9FAE009D4B9F /* MNNaviAnimation.m */; };
		95E284A71DD5AEF000D8EA26 /* HomePresentationController.m in Sources */ = {isa = PBXBuildFile; fileRef = 95E284A61DD5AEF000D8EA26 /* HomePresentationController.m */; };
/* End PBXBuildFile section */

/* Begin PBXContainerItemProxy section */
		9583671C1D8F8E0C005E5E9A /* PBXContainerItemProxy */ = {
			isa = PBXContainerItemProxy;
			containerPortal = 958366FA1D8F8E0C005E5E9A /* Project object */;
			proxyType = 1;
			remoteGlobalIDString = 958367011D8F8E0C005E5E9A;
			remoteInfo = MNUtil;
		};
		958367271D8F8E0C005E5E9A /* PBXContainerItemProxy */ = {
			isa = PBXContainerItemProxy;
			containerPortal = 958366FA1D8F8E0C005E5E9A /* Project object */;
			proxyType = 1;
			remoteGlobalIDString = 958367011D8F8E0C005E5E9A;
			remoteInfo = MNUtil;
		};
/* End PBXContainerItemProxy section */

/* Begin PBXFileReference section */
		137BB5775311BE927CDD9F75 /* Pods-MNUtil.release.xcconfig */ = {isa = PBXFileReference; includeInIndex = 1; lastKnownFileType = text.xcconfig; name = "Pods-MNUtil.release.xcconfig"; path = "Pods/Target Support Files/Pods-MNUtil/Pods-MNUtil.release.xcconfig"; sourceTree = "<group>"; };
		8D4AD68524B74F70E9B87A82 /* libPods-MNUtil.a */ = {isa = PBXFileReference; explicitFileType = archive.ar; includeInIndex = 0; path = "libPods-MNUtil.a"; sourceTree = BUILT_PRODUCTS_DIR; };
		95188D251D9279F20065C1CC /* MNUtil.pch */ = {isa = PBXFileReference; lastKnownFileType = sourcecode.c.h; path = MNUtil.pch; sourceTree = "<group>"; };
		95188D261D9280CC0065C1CC /* CircleProgressView.h */ = {isa = PBXFileReference; fileEncoding = 4; lastKnownFileType = sourcecode.c.h; name = CircleProgressView.h; path = ../CircleProgressView.h; sourceTree = "<group>"; };
		95188D271D9280CC0065C1CC /* CircleProgressView.m */ = {isa = PBXFileReference; fileEncoding = 4; lastKnownFileType = sourcecode.c.objc; name = CircleProgressView.m; path = ../CircleProgressView.m; sourceTree = "<group>"; };
		95188D291D9292E10065C1CC /* XMGWaterflowLayout.h */ = {isa = PBXFileReference; fileEncoding = 4; lastKnownFileType = sourcecode.c.h; name = XMGWaterflowLayout.h; path = ../XMGWaterflowLayout.h; sourceTree = "<group>"; };
		95188D2A1D9292E10065C1CC /* XMGWaterflowLayout.m */ = {isa = PBXFileReference; fileEncoding = 4; lastKnownFileType = sourcecode.c.objc; name = XMGWaterflowLayout.m; path = ../XMGWaterflowLayout.m; sourceTree = "<group>"; };
		954D9D191DD2CE0700DB4447 /* MNNavigationViewController.h */ = {isa = PBXFileReference; fileEncoding = 4; lastKnownFileType = sourcecode.c.h; name = MNNavigationViewController.h; path = ../MNNavigationViewController.h; sourceTree = "<group>"; };
		954D9D1A1DD2CE0700DB4447 /* MNNavigationViewController.m */ = {isa = PBXFileReference; fileEncoding = 4; lastKnownFileType = sourcecode.c.objc; name = MNNavigationViewController.m; path = ../MNNavigationViewController.m; sourceTree = "<group>"; };
		954D9D1C1DD2CE8100DB4447 /* LCNavigationController.h */ = {isa = PBXFileReference; fileEncoding = 4; lastKnownFileType = sourcecode.c.h; name = LCNavigationController.h; path = ../LCNavigationController.h; sourceTree = "<group>"; };
		954D9D1D1DD2CE8100DB4447 /* LCNavigationController.m */ = {isa = PBXFileReference; fileEncoding = 4; lastKnownFileType = sourcecode.c.objc; name = LCNavigationController.m; path = ../LCNavigationController.m; sourceTree = "<group>"; };
		954D9D201DD2FC9700DB4447 /* UINavigationController+FDFullscreenPopGesture.h */ = {isa = PBXFileReference; fileEncoding = 4; lastKnownFileType = sourcecode.c.h; path = "UINavigationController+FDFullscreenPopGesture.h"; sourceTree = "<group>"; };
		954D9D211DD2FC9700DB4447 /* UINavigationController+FDFullscreenPopGesture.m */ = {isa = PBXFileReference; fileEncoding = 4; lastKnownFileType = sourcecode.c.objc; path = "UINavigationController+FDFullscreenPopGesture.m"; sourceTree = "<group>"; };
		958367021D8F8E0C005E5E9A /* MNUtil.app */ = {isa = PBXFileReference; explicitFileType = wrapper.application; includeInIndex = 0; path = MNUtil.app; sourceTree = BUILT_PRODUCTS_DIR; };
		958367061D8F8E0C005E5E9A /* main.m */ = {isa = PBXFileReference; lastKnownFileType = sourcecode.c.objc; path = main.m; sourceTree = "<group>"; };
		958367081D8F8E0C005E5E9A /* AppDelegate.h */ = {isa = PBXFileReference; lastKnownFileType = sourcecode.c.h; name = AppDelegate.h; path = ../AppDelegate.h; sourceTree = "<group>"; };
		958367091D8F8E0C005E5E9A /* AppDelegate.m */ = {isa = PBXFileReference; lastKnownFileType = sourcecode.c.objc; name = AppDelegate.m; path = ../AppDelegate.m; sourceTree = "<group>"; };
		9583670B1D8F8E0C005E5E9A /* ViewController.h */ = {isa = PBXFileReference; lastKnownFileType = sourcecode.c.h; name = ViewController.h; path = ../ViewController.h; sourceTree = "<group>"; };
		9583670C1D8F8E0C005E5E9A /* ViewController.m */ = {isa = PBXFileReference; lastKnownFileType = sourcecode.c.objc; name = ViewController.m; path = ../ViewController.m; sourceTree = "<group>"; };
		958367111D8F8E0C005E5E9A /* Assets.xcassets */ = {isa = PBXFileReference; lastKnownFileType = folder.assetcatalog; path = Assets.xcassets; sourceTree = "<group>"; };
		958367141D8F8E0C005E5E9A /* Base */ = {isa = PBXFileReference; lastKnownFileType = file.storyboard; name = Base; path = Base.lproj/LaunchScreen.storyboard; sourceTree = "<group>"; };
		958367161D8F8E0C005E5E9A /* Info.plist */ = {isa = PBXFileReference; lastKnownFileType = text.plist.xml; path = Info.plist; sourceTree = "<group>"; };
		9583671B1D8F8E0C005E5E9A /* MNUtilTests.xctest */ = {isa = PBXFileReference; explicitFileType = wrapper.cfbundle; includeInIndex = 0; path = MNUtilTests.xctest; sourceTree = BUILT_PRODUCTS_DIR; };
		9583671F1D8F8E0C005E5E9A /* MNUtilTests.m */ = {isa = PBXFileReference; lastKnownFileType = sourcecode.c.objc; path = MNUtilTests.m; sourceTree = "<group>"; };
		958367211D8F8E0C005E5E9A /* Info.plist */ = {isa = PBXFileReference; lastKnownFileType = text.plist.xml; path = Info.plist; sourceTree = "<group>"; };
		958367261D8F8E0C005E5E9A /* MNUtilUITests.xctest */ = {isa = PBXFileReference; explicitFileType = wrapper.cfbundle; includeInIndex = 0; path = MNUtilUITests.xctest; sourceTree = BUILT_PRODUCTS_DIR; };
		9583672A1D8F8E0C005E5E9A /* MNUtilUITests.m */ = {isa = PBXFileReference; lastKnownFileType = sourcecode.c.objc; path = MNUtilUITests.m; sourceTree = "<group>"; };
		9583672C1D8F8E0D005E5E9A /* Info.plist */ = {isa = PBXFileReference; lastKnownFileType = text.plist.xml; path = Info.plist; sourceTree = "<group>"; };
		958367381D8F8E37005E5E9A /* MNUtil.h */ = {isa = PBXFileReference; fileEncoding = 4; lastKnownFileType = sourcecode.c.h; name = MNUtil.h; path = ../MNUtil.h; sourceTree = "<group>"; };
		958367391D8F8E37005E5E9A /* MNUtil.m */ = {isa = PBXFileReference; fileEncoding = 4; lastKnownFileType = sourcecode.c.objc; name = MNUtil.m; path = ../MNUtil.m; sourceTree = "<group>"; };
		958881061DACD175002F9318 /* NSObject+MN.h */ = {isa = PBXFileReference; fileEncoding = 4; lastKnownFileType = sourcecode.c.h; name = "NSObject+MN.h"; path = "../NSObject+MN.h"; sourceTree = "<group>"; };
		958881071DACD175002F9318 /* NSObject+MN.m */ = {isa = PBXFileReference; fileEncoding = 4; lastKnownFileType = sourcecode.c.objc; name = "NSObject+MN.m"; path = "../NSObject+MN.m"; sourceTree = "<group>"; };
		958881091DACD190002F9318 /* NSObject_MN.h */ = {isa = PBXFileReference; fileEncoding = 4; lastKnownFileType = sourcecode.c.h; name = NSObject_MN.h; path = ../NSObject_MN.h; sourceTree = "<group>"; };
		95BA04291DB5EFF7009FC4B7 /* test1ViewController.h */ = {isa = PBXFileReference; fileEncoding = 4; lastKnownFileType = sourcecode.c.h; name = test1ViewController.h; path = ../test1ViewController.h; sourceTree = "<group>"; };
		95BA042A1DB5EFF7009FC4B7 /* test1ViewController.m */ = {isa = PBXFileReference; fileEncoding = 4; lastKnownFileType = sourcecode.c.objc; name = test1ViewController.m; path = ../test1ViewController.m; sourceTree = "<group>"; };
		95BA042B1DB5EFF7009FC4B7 /* test1ViewController.xib */ = {isa = PBXFileReference; fileEncoding = 4; lastKnownFileType = file.xib; name = test1ViewController.xib; path = ../test1ViewController.xib; sourceTree = "<group>"; };
		95BA04341DB5FDF0009FC4B7 /* CollectBtn.xib */ = {isa = PBXFileReference; fileEncoding = 4; lastKnownFileType = file.xib; name = CollectBtn.xib; path = ../CollectBtn.xib; sourceTree = "<group>"; };
		95BA04361DB5FEEE009FC4B7 /* CollectBtn.h */ = {isa = PBXFileReference; fileEncoding = 4; lastKnownFileType = sourcecode.c.h; name = CollectBtn.h; path = ../CollectBtn.h; sourceTree = "<group>"; };
		95BA04371DB5FEEE009FC4B7 /* CollectBtn.m */ = {isa = PBXFileReference; fileEncoding = 4; lastKnownFileType = sourcecode.c.objc; name = CollectBtn.m; path = ../CollectBtn.m; sourceTree = "<group>"; };
		95BAD1AF1D91139400F06947 /* NSArray+Log.h */ = {isa = PBXFileReference; fileEncoding = 4; lastKnownFileType = sourcecode.c.h; path = "NSArray+Log.h"; sourceTree = "<group>"; };
		95BAD1B01D91139400F06947 /* NSArray+Log.m */ = {isa = PBXFileReference; fileEncoding = 4; lastKnownFileType = sourcecode.c.objc; path = "NSArray+Log.m"; sourceTree = "<group>"; };
		95E14D3F1DDD4D1E009D4B9F /* PopAnimation.h */ = {isa = PBXFileReference; fileEncoding = 4; lastKnownFileType = sourcecode.c.h; path = PopAnimation.h; sourceTree = "<group>"; };
		95E14D401DDD4D1E009D4B9F /* PopAnimation.m */ = {isa = PBXFileReference; fileEncoding = 4; lastKnownFileType = sourcecode.c.objc; path = PopAnimation.m; sourceTree = "<group>"; };
		95E14D441DDD5456009D4B9F /* QRcodeScanViewController.h */ = {isa = PBXFileReference; fileEncoding = 4; lastKnownFileType = sourcecode.c.h; path = QRcodeScanViewController.h; sourceTree = "<group>"; };
		95E14D451DDD5456009D4B9F /* QRcodeScanViewController.m */ = {isa = PBXFileReference; fileEncoding = 4; lastKnownFileType = sourcecode.c.objc; path = QRcodeScanViewController.m; sourceTree = "<group>"; };
		95E14D461DDD5456009D4B9F /* QRcodeScanViewController.xib */ = {isa = PBXFileReference; fileEncoding = 4; lastKnownFileType = file.xib; path = QRcodeScanViewController.xib; sourceTree = "<group>"; };
		95E14D491DDD7A09009D4B9F /* na1ViewController.h */ = {isa = PBXFileReference; fileEncoding = 4; lastKnownFileType = sourcecode.c.h; path = na1ViewController.h; sourceTree = "<group>"; };
		95E14D4A1DDD7A09009D4B9F /* na1ViewController.m */ = {isa = PBXFileReference; fileEncoding = 4; lastKnownFileType = sourcecode.c.objc; path = na1ViewController.m; sourceTree = "<group>"; };
		95E14D4B1DDD7A09009D4B9F /* na1ViewController.xib */ = {isa = PBXFileReference; fileEncoding = 4; lastKnownFileType = file.xib; path = na1ViewController.xib; sourceTree = "<group>"; };
		95E14D4E1DDD7A20009D4B9F /* na2ViewController.h */ = {isa = PBXFileReference; fileEncoding = 4; lastKnownFileType = sourcecode.c.h; path = na2ViewController.h; sourceTree = "<group>"; };
		95E14D4F1DDD7A20009D4B9F /* na2ViewController.m */ = {isa = PBXFileReference; fileEncoding = 4; lastKnownFileType = sourcecode.c.objc; path = na2ViewController.m; sourceTree = "<group>"; };
		95E14D501DDD7A20009D4B9F /* na2ViewController.xib */ = {isa = PBXFileReference; fileEncoding = 4; lastKnownFileType = file.xib; path = na2ViewController.xib; sourceTree = "<group>"; };
		95E14D531DDD9FAE009D4B9F /* MNNaviAnimation.h */ = {isa = PBXFileReference; fileEncoding = 4; lastKnownFileType = sourcecode.c.h; path = MNNaviAnimation.h; sourceTree = "<group>"; };
		95E14D541DDD9FAE009D4B9F /* MNNaviAnimation.m */ = {isa = PBXFileReference; fileEncoding = 4; lastKnownFileType = sourcecode.c.objc; path = MNNaviAnimation.m; sourceTree = "<group>"; };
		95E284A51DD5AEF000D8EA26 /* HomePresentationController.h */ = {isa = PBXFileReference; fileEncoding = 4; lastKnownFileType = sourcecode.c.h; name = HomePresentationController.h; path = ../../HomePresentationController.h; sourceTree = "<group>"; };
		95E284A61DD5AEF000D8EA26 /* HomePresentationController.m */ = {isa = PBXFileReference; fileEncoding = 4; lastKnownFileType = sourcecode.c.objc; name = HomePresentationController.m; path = ../../HomePresentationController.m; sourceTree = "<group>"; };
		FF310BD06385030E5D6435CA /* Pods-MNUtil.debug.xcconfig */ = {isa = PBXFileReference; includeInIndex = 1; lastKnownFileType = text.xcconfig; name = "Pods-MNUtil.debug.xcconfig"; path = "Pods/Target Support Files/Pods-MNUtil/Pods-MNUtil.debug.xcconfig"; sourceTree = "<group>"; };
/* End PBXFileReference section */

/* Begin PBXFrameworksBuildPhase section */
		958366FF1D8F8E0C005E5E9A /* Frameworks */ = {
			isa = PBXFrameworksBuildPhase;
			buildActionMask = 2147483647;
			files = (
				6BDCE5A64F9078FA9AEAED58 /* libPods-MNUtil.a in Frameworks */,
			);
			runOnlyForDeploymentPostprocessing = 0;
		};
		958367181D8F8E0C005E5E9A /* Frameworks */ = {
			isa = PBXFrameworksBuildPhase;
			buildActionMask = 2147483647;
			files = (
			);
			runOnlyForDeploymentPostprocessing = 0;
		};
		958367231D8F8E0C005E5E9A /* Frameworks */ = {
			isa = PBXFrameworksBuildPhase;
			buildActionMask = 2147483647;
			files = (
			);
			runOnlyForDeploymentPostprocessing = 0;
		};
/* End PBXFrameworksBuildPhase section */

/* Begin PBXGroup section */
		243EE80B4AFD7B681E33B98F /* Pods */ = {
			isa = PBXGroup;
			children = (
				FF310BD06385030E5D6435CA /* Pods-MNUtil.debug.xcconfig */,
				137BB5775311BE927CDD9F75 /* Pods-MNUtil.release.xcconfig */,
			);
			name = Pods;
			sourceTree = "<group>";
		};
		63010548C76D1886BB3B07C8 /* Frameworks */ = {
			isa = PBXGroup;
			children = (
				8D4AD68524B74F70E9B87A82 /* libPods-MNUtil.a */,
			);
			name = Frameworks;
			sourceTree = "<group>";
		};
		954D9D1F1DD2FC9700DB4447 /* FDFullscreenPopGesture1 */ = {
			isa = PBXGroup;
			children = (
				954D9D201DD2FC9700DB4447 /* UINavigationController+FDFullscreenPopGesture.h */,
				954D9D211DD2FC9700DB4447 /* UINavigationController+FDFullscreenPopGesture.m */,
			);
			name = FDFullscreenPopGesture1;
			path = ../FDFullscreenPopGesture1;
			sourceTree = "<group>";
		};
		954E859E1DDAAE9800BB575E /* 第三方库 */ = {
			isa = PBXGroup;
			children = (
				954D9D1F1DD2FC9700DB4447 /* FDFullscreenPopGesture1 */,
				95BAD1AE1D91139400F06947 /* Log中文 */,
				95188D291D9292E10065C1CC /* XMGWaterflowLayout.h */,
				95188D2A1D9292E10065C1CC /* XMGWaterflowLayout.m */,
			);
			path = "第三方库";
			sourceTree = "<group>";
		};
		954E859F1DDAAE9800BB575E /* 工具类 */ = {
			isa = PBXGroup;
			children = (
				954D9D1C1DD2CE8100DB4447 /* LCNavigationController.h */,
				954D9D1D1DD2CE8100DB4447 /* LCNavigationController.m */,
				958367381D8F8E37005E5E9A /* MNUtil.h */,
				958367391D8F8E37005E5E9A /* MNUtil.m */,
			);
			path = "工具类";
			sourceTree = "<group>";
		};
		954E85A01DDAAE9800BB575E /* Other */ = {
			isa = PBXGroup;
			children = (
				958367081D8F8E0C005E5E9A /* AppDelegate.h */,
				958367091D8F8E0C005E5E9A /* AppDelegate.m */,
			);
			path = Other;
			sourceTree = "<group>";
		};
		954E85A11DDAAEE600BB575E /* Test */ = {
			isa = PBXGroup;
			children = (
				95E14D491DDD7A09009D4B9F /* na1ViewController.h */,
				95E14D4A1DDD7A09009D4B9F /* na1ViewController.m */,
				95E14D4B1DDD7A09009D4B9F /* na1ViewController.xib */,
				95E14D4E1DDD7A20009D4B9F /* na2ViewController.h */,
				95E14D4F1DDD7A20009D4B9F /* na2ViewController.m */,
				95E14D501DDD7A20009D4B9F /* na2ViewController.xib */,
				954D9D191DD2CE0700DB4447 /* MNNavigationViewController.h */,
				954D9D1A1DD2CE0700DB4447 /* MNNavigationViewController.m */,
				95E14D531DDD9FAE009D4B9F /* MNNaviAnimation.h */,
				95E14D541DDD9FAE009D4B9F /* MNNaviAnimation.m */,
				95E14D3B1DDD4BB9009D4B9F /* 封装view */,
				954E85A21DDAAF1600BB575E /* View */,
				9583670B1D8F8E0C005E5E9A /* ViewController.h */,
				9583670C1D8F8E0C005E5E9A /* ViewController.m */,
				958367131D8F8E0C005E5E9A /* LaunchScreen.storyboard */,
			);
			path = Test;
			sourceTree = "<group>";
		};
		954E85A21DDAAF1600BB575E /* View */ = {
			isa = PBXGroup;
			children = (
				95188D261D9280CC0065C1CC /* CircleProgressView.h */,
				95188D271D9280CC0065C1CC /* CircleProgressView.m */,
				958881061DACD175002F9318 /* NSObject+MN.h */,
				958881071DACD175002F9318 /* NSObject+MN.m */,
				958881091DACD190002F9318 /* NSObject_MN.h */,
				95BA04291DB5EFF7009FC4B7 /* test1ViewController.h */,
				95BA042A1DB5EFF7009FC4B7 /* test1ViewController.m */,
				95BA042B1DB5EFF7009FC4B7 /* test1ViewController.xib */,
				95BA04361DB5FEEE009FC4B7 /* CollectBtn.h */,
				95BA04371DB5FEEE009FC4B7 /* CollectBtn.m */,
				95BA04341DB5FDF0009FC4B7 /* CollectBtn.xib */,
			);
			name = View;
			sourceTree = "<group>";
		};
		958366F91D8F8E0C005E5E9A = {
			isa = PBXGroup;
			children = (
				958367041D8F8E0C005E5E9A /* MNUtil */,
				9583671E1D8F8E0C005E5E9A /* MNUtilTests */,
				958367291D8F8E0C005E5E9A /* MNUtilUITests */,
				958367031D8F8E0C005E5E9A /* Products */,
				243EE80B4AFD7B681E33B98F /* Pods */,
				63010548C76D1886BB3B07C8 /* Frameworks */,
			);
			sourceTree = "<group>";
		};
		958367031D8F8E0C005E5E9A /* Products */ = {
			isa = PBXGroup;
			children = (
				958367021D8F8E0C005E5E9A /* MNUtil.app */,
				9583671B1D8F8E0C005E5E9A /* MNUtilTests.xctest */,
				958367261D8F8E0C005E5E9A /* MNUtilUITests.xctest */,
			);
			name = Products;
			sourceTree = "<group>";
		};
		958367041D8F8E0C005E5E9A /* MNUtil */ = {
			isa = PBXGroup;
			children = (
				954E859E1DDAAE9800BB575E /* 第三方库 */,
				954E859F1DDAAE9800BB575E /* 工具类 */,
				954E85A01DDAAE9800BB575E /* Other */,
				954E85A11DDAAEE600BB575E /* Test */,
				958367111D8F8E0C005E5E9A /* Assets.xcassets */,
				958367051D8F8E0C005E5E9A /* Supporting Files */,
			);
			path = MNUtil;
			sourceTree = "<group>";
		};
		958367051D8F8E0C005E5E9A /* Supporting Files */ = {
			isa = PBXGroup;
			children = (
				958367161D8F8E0C005E5E9A /* Info.plist */,
				958367061D8F8E0C005E5E9A /* main.m */,
				95188D251D9279F20065C1CC /* MNUtil.pch */,
			);
			name = "Supporting Files";
			sourceTree = "<group>";
		};
		9583671E1D8F8E0C005E5E9A /* MNUtilTests */ = {
			isa = PBXGroup;
			children = (
				9583671F1D8F8E0C005E5E9A /* MNUtilTests.m */,
				958367211D8F8E0C005E5E9A /* Info.plist */,
			);
			path = MNUtilTests;
			sourceTree = "<group>";
		};
		958367291D8F8E0C005E5E9A /* MNUtilUITests */ = {
			isa = PBXGroup;
			children = (
				9583672A1D8F8E0C005E5E9A /* MNUtilUITests.m */,
				9583672C1D8F8E0D005E5E9A /* Info.plist */,
			);
			path = MNUtilUITests;
			sourceTree = "<group>";
		};
		95BAD1AE1D91139400F06947 /* Log中文 */ = {
			isa = PBXGroup;
			children = (
				95BAD1AF1D91139400F06947 /* NSArray+Log.h */,
				95BAD1B01D91139400F06947 /* NSArray+Log.m */,
			);
			name = "Log中文";
			path = "../Log中文";
			sourceTree = "<group>";
		};
		95E14D3B1DDD4BB9009D4B9F /* 封装view */ = {
			isa = PBXGroup;
			children = (
				95E14D431DDD5430009D4B9F /* 二维码扫描 */,
				95E14D421DDD540A009D4B9F /* 弹出视图-自定义view */,
			);
			path = "封装view";
			sourceTree = "<group>";
		};
		95E14D421DDD540A009D4B9F /* 弹出视图-自定义view */ = {
			isa = PBXGroup;
			children = (
				95E14D3F1DDD4D1E009D4B9F /* PopAnimation.h */,
				95E14D401DDD4D1E009D4B9F /* PopAnimation.m */,
				95E284A51DD5AEF000D8EA26 /* HomePresentationController.h */,
				95E284A61DD5AEF000D8EA26 /* HomePresentationController.m */,
			);
			name = "弹出视图-自定义view";
			sourceTree = "<group>";
		};
		95E14D431DDD5430009D4B9F /* 二维码扫描 */ = {
			isa = PBXGroup;
			children = (
				95E14D441DDD5456009D4B9F /* QRcodeScanViewController.h */,
				95E14D451DDD5456009D4B9F /* QRcodeScanViewController.m */,
				95E14D461DDD5456009D4B9F /* QRcodeScanViewController.xib */,
			);
			name = "二维码扫描";
			sourceTree = "<group>";
		};
/* End PBXGroup section */

/* Begin PBXNativeTarget section */
		958367011D8F8E0C005E5E9A /* MNUtil */ = {
			isa = PBXNativeTarget;
			buildConfigurationList = 9583672F1D8F8E0D005E5E9A /* Build configuration list for PBXNativeTarget "MNUtil" */;
			buildPhases = (
				8F3697ED970047204EB0C581 /* [CP] Check Pods Manifest.lock */,
				958366FE1D8F8E0C005E5E9A /* Sources */,
				958366FF1D8F8E0C005E5E9A /* Frameworks */,
				958367001D8F8E0C005E5E9A /* Resources */,
				224C09C60ED54F9D2058320B /* [CP] Embed Pods Frameworks */,
				98E6D429423151F38A1AB28D /* [CP] Copy Pods Resources */,
			);
			buildRules = (
			);
			dependencies = (
			);
			name = MNUtil;
			productName = MNUtil;
			productReference = 958367021D8F8E0C005E5E9A /* MNUtil.app */;
			productType = "com.apple.product-type.application";
		};
		9583671A1D8F8E0C005E5E9A /* MNUtilTests */ = {
			isa = PBXNativeTarget;
			buildConfigurationList = 958367321D8F8E0D005E5E9A /* Build configuration list for PBXNativeTarget "MNUtilTests" */;
			buildPhases = (
				958367171D8F8E0C005E5E9A /* Sources */,
				958367181D8F8E0C005E5E9A /* Frameworks */,
				958367191D8F8E0C005E5E9A /* Resources */,
			);
			buildRules = (
			);
			dependencies = (
				9583671D1D8F8E0C005E5E9A /* PBXTargetDependency */,
			);
			name = MNUtilTests;
			productName = MNUtilTests;
			productReference = 9583671B1D8F8E0C005E5E9A /* MNUtilTests.xctest */;
			productType = "com.apple.product-type.bundle.unit-test";
		};
		958367251D8F8E0C005E5E9A /* MNUtilUITests */ = {
			isa = PBXNativeTarget;
			buildConfigurationList = 958367351D8F8E0D005E5E9A /* Build configuration list for PBXNativeTarget "MNUtilUITests" */;
			buildPhases = (
				958367221D8F8E0C005E5E9A /* Sources */,
				958367231D8F8E0C005E5E9A /* Frameworks */,
				958367241D8F8E0C005E5E9A /* Resources */,
			);
			buildRules = (
			);
			dependencies = (
				958367281D8F8E0C005E5E9A /* PBXTargetDependency */,
			);
			name = MNUtilUITests;
			productName = MNUtilUITests;
			productReference = 958367261D8F8E0C005E5E9A /* MNUtilUITests.xctest */;
			productType = "com.apple.product-type.bundle.ui-testing";
		};
/* End PBXNativeTarget section */

/* Begin PBXProject section */
		958366FA1D8F8E0C005E5E9A /* Project object */ = {
			isa = PBXProject;
			attributes = {
				LastUpgradeCheck = 0800;
				ORGANIZATIONNAME = jacknan;
				TargetAttributes = {
					958367011D8F8E0C005E5E9A = {
						CreatedOnToolsVersion = 8.0;
						DevelopmentTeam = AP5VCSMC5A;
						ProvisioningStyle = Automatic;
					};
					9583671A1D8F8E0C005E5E9A = {
						CreatedOnToolsVersion = 8.0;
						DevelopmentTeam = AP5VCSMC5A;
						ProvisioningStyle = Automatic;
						TestTargetID = 958367011D8F8E0C005E5E9A;
					};
					958367251D8F8E0C005E5E9A = {
						CreatedOnToolsVersion = 8.0;
						DevelopmentTeam = AP5VCSMC5A;
						ProvisioningStyle = Automatic;
						TestTargetID = 958367011D8F8E0C005E5E9A;
					};
				};
			};
			buildConfigurationList = 958366FD1D8F8E0C005E5E9A /* Build configuration list for PBXProject "MNUtil" */;
			compatibilityVersion = "Xcode 3.2";
			developmentRegion = English;
			hasScannedForEncodings = 0;
			knownRegions = (
				en,
				Base,
			);
			mainGroup = 958366F91D8F8E0C005E5E9A;
			productRefGroup = 958367031D8F8E0C005E5E9A /* Products */;
			projectDirPath = "";
			projectRoot = "";
			targets = (
				958367011D8F8E0C005E5E9A /* MNUtil */,
				9583671A1D8F8E0C005E5E9A /* MNUtilTests */,
				958367251D8F8E0C005E5E9A /* MNUtilUITests */,
			);
		};
/* End PBXProject section */

/* Begin PBXResourcesBuildPhase section */
		958367001D8F8E0C005E5E9A /* Resources */ = {
			isa = PBXResourcesBuildPhase;
			buildActionMask = 2147483647;
			files = (
				95BA042D1DB5EFF7009FC4B7 /* test1ViewController.xib in Resources */,
				95E14D4D1DDD7A09009D4B9F /* na1ViewController.xib in Resources */,
				958367151D8F8E0C005E5E9A /* LaunchScreen.storyboard in Resources */,
				95BA04351DB5FDF0009FC4B7 /* CollectBtn.xib in Resources */,
				958367121D8F8E0C005E5E9A /* Assets.xcassets in Resources */,
				95E14D521DDD7A20009D4B9F /* na2ViewController.xib in Resources */,
				95E14D481DDD5456009D4B9F /* QRcodeScanViewController.xib in Resources */,
			);
			runOnlyForDeploymentPostprocessing = 0;
		};
		958367191D8F8E0C005E5E9A /* Resources */ = {
			isa = PBXResourcesBuildPhase;
			buildActionMask = 2147483647;
			files = (
			);
			runOnlyForDeploymentPostprocessing = 0;
		};
		958367241D8F8E0C005E5E9A /* Resources */ = {
			isa = PBXResourcesBuildPhase;
			buildActionMask = 2147483647;
			files = (
			);
			runOnlyForDeploymentPostprocessing = 0;
		};
/* End PBXResourcesBuildPhase section */

/* Begin PBXShellScriptBuildPhase section */
		224C09C60ED54F9D2058320B /* [CP] Embed Pods Frameworks */ = {
			isa = PBXShellScriptBuildPhase;
			buildActionMask = 2147483647;
			files = (
			);
			inputPaths = (
			);
			name = "[CP] Embed Pods Frameworks";
			outputPaths = (
			);
			runOnlyForDeploymentPostprocessing = 0;
			shellPath = /bin/sh;
			shellScript = "\"${SRCROOT}/Pods/Target Support Files/Pods-MNUtil/Pods-MNUtil-frameworks.sh\"\n";
			showEnvVarsInLog = 0;
		};
		8F3697ED970047204EB0C581 /* [CP] Check Pods Manifest.lock */ = {
			isa = PBXShellScriptBuildPhase;
			buildActionMask = 2147483647;
			files = (
			);
			inputPaths = (
			);
			name = "[CP] Check Pods Manifest.lock";
			outputPaths = (
			);
			runOnlyForDeploymentPostprocessing = 0;
			shellPath = /bin/sh;
			shellScript = "diff \"${PODS_ROOT}/../Podfile.lock\" \"${PODS_ROOT}/Manifest.lock\" > /dev/null\nif [ $? != 0 ] ; then\n    # print error to STDERR\n    echo \"error: The sandbox is not in sync with the Podfile.lock. Run 'pod install' or update your CocoaPods installation.\" >&2\n    exit 1\nfi\n";
			showEnvVarsInLog = 0;
		};
		98E6D429423151F38A1AB28D /* [CP] Copy Pods Resources */ = {
			isa = PBXShellScriptBuildPhase;
			buildActionMask = 2147483647;
			files = (
			);
			inputPaths = (
			);
			name = "[CP] Copy Pods Resources";
			outputPaths = (
			);
			runOnlyForDeploymentPostprocessing = 0;
			shellPath = /bin/sh;
			shellScript = "\"${SRCROOT}/Pods/Target Support Files/Pods-MNUtil/Pods-MNUtil-resources.sh\"\n";
			showEnvVarsInLog = 0;
		};
/* End PBXShellScriptBuildPhase section */

/* Begin PBXSourcesBuildPhase section */
		958366FE1D8F8E0C005E5E9A /* Sources */ = {
			isa = PBXSourcesBuildPhase;
			buildActionMask = 2147483647;
			files = (
				95BAD1B11D91139400F06947 /* NSArray+Log.m in Sources */,
				95BA04381DB5FEEE009FC4B7 /* CollectBtn.m in Sources */,
				9583670D1D8F8E0C005E5E9A /* ViewController.m in Sources */,
				95E14D411DDD4D1E009D4B9F /* PopAnimation.m in Sources */,
				95E284A71DD5AEF000D8EA26 /* HomePresentationController.m in Sources */,
				9583670A1D8F8E0C005E5E9A /* AppDelegate.m in Sources */,
				95E14D471DDD5456009D4B9F /* QRcodeScanViewController.m in Sources */,
				958367071D8F8E0C005E5E9A /* main.m in Sources */,
				954D9D1B1DD2CE0700DB4447 /* MNNavigationViewController.m in Sources */,
				9583673A1D8F8E37005E5E9A /* MNUtil.m in Sources */,
				95188D281D9280CC0065C1CC /* CircleProgressView.m in Sources */,
				95BA042C1DB5EFF7009FC4B7 /* test1ViewController.m in Sources */,
				95E14D551DDD9FAE009D4B9F /* MNNaviAnimation.m in Sources */,
				95E14D511DDD7A20009D4B9F /* na2ViewController.m in Sources */,
				958881081DACD175002F9318 /* NSObject+MN.m in Sources */,
				95188D2B1D9292E10065C1CC /* XMGWaterflowLayout.m in Sources */,
				95E14D4C1DDD7A09009D4B9F /* na1ViewController.m in Sources */,
				954D9D221DD2FC9700DB4447 /* UINavigationController+FDFullscreenPopGesture.m in Sources */,
				954D9D1E1DD2CE8100DB4447 /* LCNavigationController.m in Sources */,
			);
			runOnlyForDeploymentPostprocessing = 0;
		};
		958367171D8F8E0C005E5E9A /* Sources */ = {
			isa = PBXSourcesBuildPhase;
			buildActionMask = 2147483647;
			files = (
				958367201D8F8E0C005E5E9A /* MNUtilTests.m in Sources */,
			);
			runOnlyForDeploymentPostprocessing = 0;
		};
		958367221D8F8E0C005E5E9A /* Sources */ = {
			isa = PBXSourcesBuildPhase;
			buildActionMask = 2147483647;
			files = (
				9583672B1D8F8E0C005E5E9A /* MNUtilUITests.m in Sources */,
			);
			runOnlyForDeploymentPostprocessing = 0;
		};
/* End PBXSourcesBuildPhase section */

/* Begin PBXTargetDependency section */
		9583671D1D8F8E0C005E5E9A /* PBXTargetDependency */ = {
			isa = PBXTargetDependency;
			target = 958367011D8F8E0C005E5E9A /* MNUtil */;
			targetProxy = 9583671C1D8F8E0C005E5E9A /* PBXContainerItemProxy */;
		};
		958367281D8F8E0C005E5E9A /* PBXTargetDependency */ = {
			isa = PBXTargetDependency;
			target = 958367011D8F8E0C005E5E9A /* MNUtil */;
			targetProxy = 958367271D8F8E0C005E5E9A /* PBXContainerItemProxy */;
		};
/* End PBXTargetDependency section */

/* Begin PBXVariantGroup section */
		958367131D8F8E0C005E5E9A /* LaunchScreen.storyboard */ = {
			isa = PBXVariantGroup;
			children = (
				958367141D8F8E0C005E5E9A /* Base */,
			);
			name = LaunchScreen.storyboard;
			path = ..;
			sourceTree = "<group>";
		};
/* End PBXVariantGroup section */

/* Begin XCBuildConfiguration section */
		9583672D1D8F8E0D005E5E9A /* Debug */ = {
			isa = XCBuildConfiguration;
			buildSettings = {
				ALWAYS_SEARCH_USER_PATHS = NO;
				CLANG_ANALYZER_NONNULL = YES;
				CLANG_CXX_LANGUAGE_STANDARD = "gnu++0x";
				CLANG_CXX_LIBRARY = "libc++";
				CLANG_ENABLE_MODULES = YES;
				CLANG_ENABLE_OBJC_ARC = YES;
				CLANG_WARN_BOOL_CONVERSION = YES;
				CLANG_WARN_CONSTANT_CONVERSION = YES;
				CLANG_WARN_DIRECT_OBJC_ISA_USAGE = YES_ERROR;
				CLANG_WARN_DOCUMENTATION_COMMENTS = YES;
				CLANG_WARN_EMPTY_BODY = YES;
				CLANG_WARN_ENUM_CONVERSION = YES;
				CLANG_WARN_INFINITE_RECURSION = YES;
				CLANG_WARN_INT_CONVERSION = YES;
				CLANG_WARN_OBJC_ROOT_CLASS = YES_ERROR;
				CLANG_WARN_SUSPICIOUS_MOVE = YES;
				CLANG_WARN_SUSPICIOUS_MOVES = YES;
				CLANG_WARN_UNREACHABLE_CODE = YES;
				CLANG_WARN__DUPLICATE_METHOD_MATCH = YES;
				"CODE_SIGN_IDENTITY[sdk=iphoneos*]" = "iPhone Developer";
				COPY_PHASE_STRIP = NO;
				DEBUG_INFORMATION_FORMAT = dwarf;
				ENABLE_STRICT_OBJC_MSGSEND = YES;
				ENABLE_TESTABILITY = YES;
				GCC_C_LANGUAGE_STANDARD = gnu99;
				GCC_DYNAMIC_NO_PIC = NO;
				GCC_NO_COMMON_BLOCKS = YES;
				GCC_OPTIMIZATION_LEVEL = 0;
				GCC_PRECOMPILE_PREFIX_HEADER = YES;
				GCC_PREPROCESSOR_DEFINITIONS = (
					"DEBUG=1",
					"$(inherited)",
				);
				GCC_WARN_64_TO_32_BIT_CONVERSION = YES;
				GCC_WARN_ABOUT_RETURN_TYPE = YES_ERROR;
				GCC_WARN_UNDECLARED_SELECTOR = YES;
				GCC_WARN_UNINITIALIZED_AUTOS = YES_AGGRESSIVE;
				GCC_WARN_UNUSED_FUNCTION = YES;
				GCC_WARN_UNUSED_VARIABLE = YES;
				IPHONEOS_DEPLOYMENT_TARGET = 8.0;
				MTL_ENABLE_DEBUG_INFO = YES;
				ONLY_ACTIVE_ARCH = YES;
				SDKROOT = iphoneos;
			};
			name = Debug;
		};
		9583672E1D8F8E0D005E5E9A /* Release */ = {
			isa = XCBuildConfiguration;
			buildSettings = {
				ALWAYS_SEARCH_USER_PATHS = NO;
				CLANG_ANALYZER_NONNULL = YES;
				CLANG_CXX_LANGUAGE_STANDARD = "gnu++0x";
				CLANG_CXX_LIBRARY = "libc++";
				CLANG_ENABLE_MODULES = YES;
				CLANG_ENABLE_OBJC_ARC = YES;
				CLANG_WARN_BOOL_CONVERSION = YES;
				CLANG_WARN_CONSTANT_CONVERSION = YES;
				CLANG_WARN_DIRECT_OBJC_ISA_USAGE = YES_ERROR;
				CLANG_WARN_DOCUMENTATION_COMMENTS = YES;
				CLANG_WARN_EMPTY_BODY = YES;
				CLANG_WARN_ENUM_CONVERSION = YES;
				CLANG_WARN_INFINITE_RECURSION = YES;
				CLANG_WARN_INT_CONVERSION = YES;
				CLANG_WARN_OBJC_ROOT_CLASS = YES_ERROR;
				CLANG_WARN_SUSPICIOUS_MOVE = YES;
				CLANG_WARN_SUSPICIOUS_MOVES = YES;
				CLANG_WARN_UNREACHABLE_CODE = YES;
				CLANG_WARN__DUPLICATE_METHOD_MATCH = YES;
				"CODE_SIGN_IDENTITY[sdk=iphoneos*]" = "iPhone Developer";
				COPY_PHASE_STRIP = NO;
				DEBUG_INFORMATION_FORMAT = "dwarf-with-dsym";
				ENABLE_NS_ASSERTIONS = NO;
				ENABLE_STRICT_OBJC_MSGSEND = YES;
				GCC_C_LANGUAGE_STANDARD = gnu99;
				GCC_NO_COMMON_BLOCKS = YES;
				GCC_PRECOMPILE_PREFIX_HEADER = YES;
				GCC_WARN_64_TO_32_BIT_CONVERSION = YES;
				GCC_WARN_ABOUT_RETURN_TYPE = YES_ERROR;
				GCC_WARN_UNDECLARED_SELECTOR = YES;
				GCC_WARN_UNINITIALIZED_AUTOS = YES_AGGRESSIVE;
				GCC_WARN_UNUSED_FUNCTION = YES;
				GCC_WARN_UNUSED_VARIABLE = YES;
				IPHONEOS_DEPLOYMENT_TARGET = 8.0;
				MTL_ENABLE_DEBUG_INFO = NO;
				SDKROOT = iphoneos;
				VALIDATE_PRODUCT = YES;
			};
			name = Release;
		};
		958367301D8F8E0D005E5E9A /* Debug */ = {
			isa = XCBuildConfiguration;
			baseConfigurationReference = FF310BD06385030E5D6435CA /* Pods-MNUtil.debug.xcconfig */;
			buildSettings = {
				ASSETCATALOG_COMPILER_APPICON_NAME = AppIcon;
				DEVELOPMENT_TEAM = AP5VCSMC5A;
				GCC_PRECOMPILE_PREFIX_HEADER = YES;
				GCC_PREFIX_HEADER = "$(SRCROOT)/MNUtil/MNUtil.pch";
				INFOPLIST_FILE = MNUtil/Info.plist;
				IPHONEOS_DEPLOYMENT_TARGET = 8.0;
				LD_RUNPATH_SEARCH_PATHS = "$(inherited) @executable_path/Frameworks";
				PRODUCT_BUNDLE_IDENTIFIER = jn.com.MNUtil2;
				PRODUCT_NAME = "$(TARGET_NAME)";
			};
			name = Debug;
		};
		958367311D8F8E0D005E5E9A /* Release */ = {
			isa = XCBuildConfiguration;
			baseConfigurationReference = 137BB5775311BE927CDD9F75 /* Pods-MNUtil.release.xcconfig */;
			buildSettings = {
				ASSETCATALOG_COMPILER_APPICON_NAME = AppIcon;
				DEVELOPMENT_TEAM = AP5VCSMC5A;
				GCC_PRECOMPILE_PREFIX_HEADER = YES;
				GCC_PREFIX_HEADER = "$(SRCROOT)/MNUtil/MNUtil.pch";
				INFOPLIST_FILE = MNUtil/Info.plist;
				IPHONEOS_DEPLOYMENT_TARGET = 8.0;
				LD_RUNPATH_SEARCH_PATHS = "$(inherited) @executable_path/Frameworks";
				PRODUCT_BUNDLE_IDENTIFIER = jn.com.MNUtil2;
				PRODUCT_NAME = "$(TARGET_NAME)";
			};
			name = Release;
		};
		958367331D8F8E0D005E5E9A /* Debug */ = {
			isa = XCBuildConfiguration;
			buildSettings = {
				BUNDLE_LOADER = "$(TEST_HOST)";
				DEVELOPMENT_TEAM = AP5VCSMC5A;
				INFOPLIST_FILE = MNUtilTests/Info.plist;
				LD_RUNPATH_SEARCH_PATHS = "$(inherited) @executable_path/Frameworks @loader_path/Frameworks";
				PRODUCT_BUNDLE_IDENTIFIER = jn.com.MNUtilTests;
				PRODUCT_NAME = "$(TARGET_NAME)";
				TEST_HOST = "$(BUILT_PRODUCTS_DIR)/MNUtil.app/MNUtil";
			};
			name = Debug;
		};
		958367341D8F8E0D005E5E9A /* Release */ = {
			isa = XCBuildConfiguration;
			buildSettings = {
				BUNDLE_LOADER = "$(TEST_HOST)";
				DEVELOPMENT_TEAM = AP5VCSMC5A;
				INFOPLIST_FILE = MNUtilTests/Info.plist;
				LD_RUNPATH_SEARCH_PATHS = "$(inherited) @executable_path/Frameworks @loader_path/Frameworks";
				PRODUCT_BUNDLE_IDENTIFIER = jn.com.MNUtilTests;
				PRODUCT_NAME = "$(TARGET_NAME)";
				TEST_HOST = "$(BUILT_PRODUCTS_DIR)/MNUtil.app/MNUtil";
			};
			name = Release;
		};
		958367361D8F8E0D005E5E9A /* Debug */ = {
			isa = XCBuildConfiguration;
			buildSettings = {
				DEVELOPMENT_TEAM = AP5VCSMC5A;
				INFOPLIST_FILE = MNUtilUITests/Info.plist;
				LD_RUNPATH_SEARCH_PATHS = "$(inherited) @executable_path/Frameworks @loader_path/Frameworks";
				PRODUCT_BUNDLE_IDENTIFIER = jn.com.MNUtilUITests;
				PRODUCT_NAME = "$(TARGET_NAME)";
				TEST_TARGET_NAME = MNUtil;
			};
			name = Debug;
		};
		958367371D8F8E0D005E5E9A /* Release */ = {
			isa = XCBuildConfiguration;
			buildSettings = {
				DEVELOPMENT_TEAM = AP5VCSMC5A;
				INFOPLIST_FILE = MNUtilUITests/Info.plist;
				LD_RUNPATH_SEARCH_PATHS = "$(inherited) @executable_path/Frameworks @loader_path/Frameworks";
				PRODUCT_BUNDLE_IDENTIFIER = jn.com.MNUtilUITests;
				PRODUCT_NAME = "$(TARGET_NAME)";
				TEST_TARGET_NAME = MNUtil;
			};
			name = Release;
		};
/* End XCBuildConfiguration section */

/* Begin XCConfigurationList section */
		958366FD1D8F8E0C005E5E9A /* Build configuration list for PBXProject "MNUtil" */ = {
			isa = XCConfigurationList;
			buildConfigurations = (
				9583672D1D8F8E0D005E5E9A /* Debug */,
				9583672E1D8F8E0D005E5E9A /* Release */,
			);
			defaultConfigurationIsVisible = 0;
			defaultConfigurationName = Release;
		};
		9583672F1D8F8E0D005E5E9A /* Build configuration list for PBXNativeTarget "MNUtil" */ = {
			isa = XCConfigurationList;
			buildConfigurations = (
				958367301D8F8E0D005E5E9A /* Debug */,
				958367311D8F8E0D005E5E9A /* Release */,
			);
			defaultConfigurationIsVisible = 0;
			defaultConfigurationName = Release;
		};
		958367321D8F8E0D005E5E9A /* Build configuration list for PBXNativeTarget "MNUtilTests" */ = {
			isa = XCConfigurationList;
			buildConfigurations = (
				958367331D8F8E0D005E5E9A /* Debug */,
				958367341D8F8E0D005E5E9A /* Release */,
			);
			defaultConfigurationIsVisible = 0;
			defaultConfigurationName = Release;
		};
		958367351D8F8E0D005E5E9A /* Build configuration list for PBXNativeTarget "MNUtilUITests" */ = {
			isa = XCConfigurationList;
			buildConfigurations = (
				958367361D8F8E0D005E5E9A /* Debug */,
				958367371D8F8E0D005E5E9A /* Release */,
			);
			defaultConfigurationIsVisible = 0;
			defaultConfigurationName = Release;
		};
/* End XCConfigurationList section */
	};
	rootObject = 958366FA1D8F8E0C005E5E9A /* Project object */;
}
