// !$*UTF8*$!
{
	archiveVersion = 1;
	classes = {
	};
	objectVersion = 46;
	objects = {

/* Begin PBXBuildFile section */
		950021C91FBAD6BA0013D4D1 /* UINavigationController+FDFullscreenPopGesture.m in Sources */ = {isa = PBXBuildFile; fileRef = 950021C21FBAD6BA0013D4D1 /* UINavigationController+FDFullscreenPopGesture.m */; };
		950021CA1FBAD6BA0013D4D1 /* NSArray+Log.m in Sources */ = {isa = PBXBuildFile; fileRef = 950021C51FBAD6BA0013D4D1 /* NSArray+Log.m */; };
		950021CB1FBAD6BA0013D4D1 /* XMGWaterflowLayout.m in Sources */ = {isa = PBXBuildFile; fileRef = 950021C81FBAD6BA0013D4D1 /* XMGWaterflowLayout.m */; };
		950021D41FBAD7440013D4D1 /* AppDelegate.mm in Sources */ = {isa = PBXBuildFile; fileRef = 950021CE1FBAD7440013D4D1 /* AppDelegate.mm */; };
		950021D61FBAD7440013D4D1 /* main.m in Sources */ = {isa = PBXBuildFile; fileRef = 950021D11FBAD7440013D4D1 /* main.m */; };
		950021DB1FBAD7640013D4D1 /* MNUtil.m in Sources */ = {isa = PBXBuildFile; fileRef = 950021D91FBAD7630013D4D1 /* MNUtil.m */; };
		950021DC1FBAD7640013D4D1 /* LCNavigationController.m in Sources */ = {isa = PBXBuildFile; fileRef = 950021DA1FBAD7630013D4D1 /* LCNavigationController.m */; };
		950021DE1FBAD7830013D4D1 /* Assets.xcassets in Resources */ = {isa = PBXBuildFile; fileRef = 950021DD1FBAD7820013D4D1 /* Assets.xcassets */; };
		950022201FBADBAE0013D4D1 /* Launch Screen.storyboard in Resources */ = {isa = PBXBuildFile; fileRef = 9500221F1FBADBAE0013D4D1 /* Launch Screen.storyboard */; };
		950022241FBADC7C0013D4D1 /* BaseTabBarViewController.m in Sources */ = {isa = PBXBuildFile; fileRef = 950022231FBADC7C0013D4D1 /* BaseTabBarViewController.m */; };
		950022271FBADC990013D4D1 /* BaseNavigationBar.m in Sources */ = {isa = PBXBuildFile; fileRef = 950022261FBADC990013D4D1 /* BaseNavigationBar.m */; };
		9500222A1FBADCB70013D4D1 /* BaseNavigationController.m in Sources */ = {isa = PBXBuildFile; fileRef = 950022291FBADCB70013D4D1 /* BaseNavigationController.m */; };
		9500222D1FBADCC60013D4D1 /* BaseViewController.m in Sources */ = {isa = PBXBuildFile; fileRef = 9500222C1FBADCC60013D4D1 /* BaseViewController.m */; };
		958367201D8F8E0C005E5E9A /* MNUtilTests.m in Sources */ = {isa = PBXBuildFile; fileRef = 9583671F1D8F8E0C005E5E9A /* MNUtilTests.m */; };
		9583672B1D8F8E0C005E5E9A /* MNUtilUITests.m in Sources */ = {isa = PBXBuildFile; fileRef = 9583672A1D8F8E0C005E5E9A /* MNUtilUITests.m */; };
		979A77CA226D981200276CC7 /* MNLogManager.m in Sources */ = {isa = PBXBuildFile; fileRef = 979A77C9226D981200276CC7 /* MNLogManager.m */; };
		979B9AED228C086200670902 /* MNDebugConfigViewController.m in Sources */ = {isa = PBXBuildFile; fileRef = 979B9AE9228C086200670902 /* MNDebugConfigViewController.m */; };
		979B9AEE228C086200670902 /* MNDebugConfigModel.m in Sources */ = {isa = PBXBuildFile; fileRef = 979B9AEC228C086200670902 /* MNDebugConfigModel.m */; };
		979B9AFE228C092500670902 /* MNBaseReq.m in Sources */ = {isa = PBXBuildFile; fileRef = 979B9AF9228C092500670902 /* MNBaseReq.m */; };
		979B9AFF228C092500670902 /* MNNetwork.m in Sources */ = {isa = PBXBuildFile; fileRef = 979B9AFB228C092500670902 /* MNNetwork.m */; };
		979B9B00228C092500670902 /* MNBaseRsp.m in Sources */ = {isa = PBXBuildFile; fileRef = 979B9AFD228C092500670902 /* MNBaseRsp.m */; };
		97AC08982277DEC6007E5980 /* MNAppLogViewController.m in Sources */ = {isa = PBXBuildFile; fileRef = 97AC08972277DEC6007E5980 /* MNAppLogViewController.m */; };
		97AC089E22782618007E5980 /* MNPickerView.m in Sources */ = {isa = PBXBuildFile; fileRef = 97AC089D22782618007E5980 /* MNPickerView.m */; };
		97CFDC49227E6F390001E14C /* Test1ViewController.m in Sources */ = {isa = PBXBuildFile; fileRef = 97CFDC48227E6F390001E14C /* Test1ViewController.m */; };
		97E826502265C8B400AFA48C /* viewController.m in Sources */ = {isa = PBXBuildFile; fileRef = 97E8264F2265C8B400AFA48C /* viewController.m */; };
		97E826522265C8CD00AFA48C /* viewController.storyboard in Resources */ = {isa = PBXBuildFile; fileRef = 97E826512265C8CD00AFA48C /* viewController.storyboard */; };
		A28B94E0B4361F8936DB3497 /* Pods_MNUtil.framework in Frameworks */ = {isa = PBXBuildFile; fileRef = 5EBE2B5ED206D27234CF28D8 /* Pods_MNUtil.framework */; };
/* End PBXBuildFile section */

/* Begin PBXContainerItemProxy section */
		9583671C1D8F8E0C005E5E9A /* PBXContainerItemProxy */ = {
			isa = PBXContainerItemProxy;
			containerPortal = 958366FA1D8F8E0C005E5E9A /* Project object */;
			proxyType = 1;
			remoteGlobalIDString = 958367011D8F8E0C005E5E9A;
			remoteInfo = MNUtil;
		};
		958367271D8F8E0C005E5E9A /* PBXContainerItemProxy */ = {
			isa = PBXContainerItemProxy;
			containerPortal = 958366FA1D8F8E0C005E5E9A /* Project object */;
			proxyType = 1;
			remoteGlobalIDString = 958367011D8F8E0C005E5E9A;
			remoteInfo = MNUtil;
		};
/* End PBXContainerItemProxy section */

/* Begin PBXFileReference section */
		137BB5775311BE927CDD9F75 /* Pods-MNUtil.release.xcconfig */ = {isa = PBXFileReference; includeInIndex = 1; lastKnownFileType = text.xcconfig; name = "Pods-MNUtil.release.xcconfig"; path = "Pods/Target Support Files/Pods-MNUtil/Pods-MNUtil.release.xcconfig"; sourceTree = "<group>"; };
		5EBE2B5ED206D27234CF28D8 /* Pods_MNUtil.framework */ = {isa = PBXFileReference; explicitFileType = wrapper.framework; includeInIndex = 0; path = Pods_MNUtil.framework; sourceTree = BUILT_PRODUCTS_DIR; };
		950021C11FBAD6BA0013D4D1 /* UINavigationController+FDFullscreenPopGesture.h */ = {isa = PBXFileReference; fileEncoding = 4; lastKnownFileType = sourcecode.c.h; path = "UINavigationController+FDFullscreenPopGesture.h"; sourceTree = "<group>"; };
		950021C21FBAD6BA0013D4D1 /* UINavigationController+FDFullscreenPopGesture.m */ = {isa = PBXFileReference; fileEncoding = 4; lastKnownFileType = sourcecode.c.objc; path = "UINavigationController+FDFullscreenPopGesture.m"; sourceTree = "<group>"; };
		950021C41FBAD6BA0013D4D1 /* NSArray+Log.h */ = {isa = PBXFileReference; fileEncoding = 4; lastKnownFileType = sourcecode.c.h; path = "NSArray+Log.h"; sourceTree = "<group>"; };
		950021C51FBAD6BA0013D4D1 /* NSArray+Log.m */ = {isa = PBXFileReference; fileEncoding = 4; lastKnownFileType = sourcecode.c.objc; path = "NSArray+Log.m"; sourceTree = "<group>"; };
		950021C71FBAD6BA0013D4D1 /* XMGWaterflowLayout.h */ = {isa = PBXFileReference; fileEncoding = 4; lastKnownFileType = sourcecode.c.h; path = XMGWaterflowLayout.h; sourceTree = "<group>"; };
		950021C81FBAD6BA0013D4D1 /* XMGWaterflowLayout.m */ = {isa = PBXFileReference; fileEncoding = 4; lastKnownFileType = sourcecode.c.objc; path = XMGWaterflowLayout.m; sourceTree = "<group>"; };
		950021CD1FBAD7440013D4D1 /* AppDelegate.h */ = {isa = PBXFileReference; fileEncoding = 4; lastKnownFileType = sourcecode.c.h; path = AppDelegate.h; sourceTree = "<group>"; };
		950021CE1FBAD7440013D4D1 /* AppDelegate.mm */ = {isa = PBXFileReference; fileEncoding = 4; lastKnownFileType = sourcecode.cpp.objcpp; path = AppDelegate.mm; sourceTree = "<group>"; };
		950021CF1FBAD7440013D4D1 /* header.h */ = {isa = PBXFileReference; fileEncoding = 4; lastKnownFileType = sourcecode.c.h; path = header.h; sourceTree = "<group>"; };
		950021D01FBAD7440013D4D1 /* Info.plist */ = {isa = PBXFileReference; fileEncoding = 4; lastKnownFileType = text.plist.xml; path = Info.plist; sourceTree = "<group>"; };
		950021D11FBAD7440013D4D1 /* main.m */ = {isa = PBXFileReference; fileEncoding = 4; lastKnownFileType = sourcecode.c.objc; path = main.m; sourceTree = "<group>"; };
		950021D31FBAD7440013D4D1 /* MNUtil.pch */ = {isa = PBXFileReference; fileEncoding = 4; lastKnownFileType = sourcecode.c.h; path = MNUtil.pch; sourceTree = "<group>"; };
		950021D71FBAD7630013D4D1 /* LCNavigationController.h */ = {isa = PBXFileReference; fileEncoding = 4; lastKnownFileType = sourcecode.c.h; path = LCNavigationController.h; sourceTree = "<group>"; };
		950021D81FBAD7630013D4D1 /* MNUtil.h */ = {isa = PBXFileReference; fileEncoding = 4; lastKnownFileType = sourcecode.c.h; path = MNUtil.h; sourceTree = "<group>"; };
		950021D91FBAD7630013D4D1 /* MNUtil.m */ = {isa = PBXFileReference; fileEncoding = 4; lastKnownFileType = sourcecode.c.objc; path = MNUtil.m; sourceTree = "<group>"; };
		950021DA1FBAD7630013D4D1 /* LCNavigationController.m */ = {isa = PBXFileReference; fileEncoding = 4; lastKnownFileType = sourcecode.c.objc; path = LCNavigationController.m; sourceTree = "<group>"; };
		950021DD1FBAD7820013D4D1 /* Assets.xcassets */ = {isa = PBXFileReference; lastKnownFileType = folder.assetcatalog; path = Assets.xcassets; sourceTree = "<group>"; };
		950021DF1FBAD8E20013D4D1 /* MNUtil.entitlements */ = {isa = PBXFileReference; lastKnownFileType = text.plist.entitlements; path = MNUtil.entitlements; sourceTree = "<group>"; };
		9500221F1FBADBAE0013D4D1 /* Launch Screen.storyboard */ = {isa = PBXFileReference; lastKnownFileType = file.storyboard; path = "Launch Screen.storyboard"; sourceTree = "<group>"; };
		950022221FBADC7C0013D4D1 /* BaseTabBarViewController.h */ = {isa = PBXFileReference; lastKnownFileType = sourcecode.c.h; path = BaseTabBarViewController.h; sourceTree = "<group>"; };
		950022231FBADC7C0013D4D1 /* BaseTabBarViewController.m */ = {isa = PBXFileReference; lastKnownFileType = sourcecode.c.objc; path = BaseTabBarViewController.m; sourceTree = "<group>"; };
		950022251FBADC990013D4D1 /* BaseNavigationBar.h */ = {isa = PBXFileReference; lastKnownFileType = sourcecode.c.h; path = BaseNavigationBar.h; sourceTree = "<group>"; };
		950022261FBADC990013D4D1 /* BaseNavigationBar.m */ = {isa = PBXFileReference; lastKnownFileType = sourcecode.c.objc; path = BaseNavigationBar.m; sourceTree = "<group>"; };
		950022281FBADCB70013D4D1 /* BaseNavigationController.h */ = {isa = PBXFileReference; lastKnownFileType = sourcecode.c.h; path = BaseNavigationController.h; sourceTree = "<group>"; };
		950022291FBADCB70013D4D1 /* BaseNavigationController.m */ = {isa = PBXFileReference; lastKnownFileType = sourcecode.c.objc; path = BaseNavigationController.m; sourceTree = "<group>"; };
		9500222B1FBADCC60013D4D1 /* BaseViewController.h */ = {isa = PBXFileReference; lastKnownFileType = sourcecode.c.h; path = BaseViewController.h; sourceTree = "<group>"; };
		9500222C1FBADCC60013D4D1 /* BaseViewController.m */ = {isa = PBXFileReference; lastKnownFileType = sourcecode.c.objc; path = BaseViewController.m; sourceTree = "<group>"; };
		958367021D8F8E0C005E5E9A /* MNUtil.app */ = {isa = PBXFileReference; explicitFileType = wrapper.application; includeInIndex = 0; path = MNUtil.app; sourceTree = BUILT_PRODUCTS_DIR; };
		9583671B1D8F8E0C005E5E9A /* MNUtilTests.xctest */ = {isa = PBXFileReference; explicitFileType = wrapper.cfbundle; includeInIndex = 0; path = MNUtilTests.xctest; sourceTree = BUILT_PRODUCTS_DIR; };
		9583671F1D8F8E0C005E5E9A /* MNUtilTests.m */ = {isa = PBXFileReference; lastKnownFileType = sourcecode.c.objc; path = MNUtilTests.m; sourceTree = "<group>"; };
		958367211D8F8E0C005E5E9A /* Info.plist */ = {isa = PBXFileReference; lastKnownFileType = text.plist.xml; path = Info.plist; sourceTree = "<group>"; };
		958367261D8F8E0C005E5E9A /* MNUtilUITests.xctest */ = {isa = PBXFileReference; explicitFileType = wrapper.cfbundle; includeInIndex = 0; path = MNUtilUITests.xctest; sourceTree = BUILT_PRODUCTS_DIR; };
		9583672A1D8F8E0C005E5E9A /* MNUtilUITests.m */ = {isa = PBXFileReference; lastKnownFileType = sourcecode.c.objc; path = MNUtilUITests.m; sourceTree = "<group>"; };
		9583672C1D8F8E0D005E5E9A /* Info.plist */ = {isa = PBXFileReference; lastKnownFileType = text.plist.xml; path = Info.plist; sourceTree = "<group>"; };
		9594BF811E827BAF006D8A1C /* MNUtil-Bridging-Header.h */ = {isa = PBXFileReference; lastKnownFileType = sourcecode.c.h; path = "MNUtil-Bridging-Header.h"; sourceTree = "<group>"; };
		979A77C8226D981200276CC7 /* MNLogManager.h */ = {isa = PBXFileReference; lastKnownFileType = sourcecode.c.h; path = MNLogManager.h; sourceTree = "<group>"; };
		979A77C9226D981200276CC7 /* MNLogManager.m */ = {isa = PBXFileReference; lastKnownFileType = sourcecode.c.objc; path = MNLogManager.m; sourceTree = "<group>"; };
		979B9AE8228C086200670902 /* MNDebugConfigModel.h */ = {isa = PBXFileReference; fileEncoding = 4; lastKnownFileType = sourcecode.c.h; path = MNDebugConfigModel.h; sourceTree = "<group>"; };
		979B9AE9228C086200670902 /* MNDebugConfigViewController.m */ = {isa = PBXFileReference; fileEncoding = 4; lastKnownFileType = sourcecode.c.objc; path = MNDebugConfigViewController.m; sourceTree = "<group>"; };
		979B9AEA228C086200670902 /* MNDebugConfigConst.h */ = {isa = PBXFileReference; fileEncoding = 4; lastKnownFileType = sourcecode.c.h; path = MNDebugConfigConst.h; sourceTree = "<group>"; };
		979B9AEB228C086200670902 /* MNDebugConfigViewController.h */ = {isa = PBXFileReference; fileEncoding = 4; lastKnownFileType = sourcecode.c.h; path = MNDebugConfigViewController.h; sourceTree = "<group>"; };
		979B9AEC228C086200670902 /* MNDebugConfigModel.m */ = {isa = PBXFileReference; fileEncoding = 4; lastKnownFileType = sourcecode.c.objc; path = MNDebugConfigModel.m; sourceTree = "<group>"; };
		979B9AF8228C092500670902 /* MNBaseRsp.h */ = {isa = PBXFileReference; fileEncoding = 4; lastKnownFileType = sourcecode.c.h; path = MNBaseRsp.h; sourceTree = "<group>"; };
		979B9AF9228C092500670902 /* MNBaseReq.m */ = {isa = PBXFileReference; fileEncoding = 4; lastKnownFileType = sourcecode.c.objc; path = MNBaseReq.m; sourceTree = "<group>"; };
		979B9AFA228C092500670902 /* MNNetwork.h */ = {isa = PBXFileReference; fileEncoding = 4; lastKnownFileType = sourcecode.c.h; path = MNNetwork.h; sourceTree = "<group>"; };
		979B9AFB228C092500670902 /* MNNetwork.m */ = {isa = PBXFileReference; fileEncoding = 4; lastKnownFileType = sourcecode.c.objc; path = MNNetwork.m; sourceTree = "<group>"; };
		979B9AFC228C092500670902 /* MNBaseReq.h */ = {isa = PBXFileReference; fileEncoding = 4; lastKnownFileType = sourcecode.c.h; path = MNBaseReq.h; sourceTree = "<group>"; };
		979B9AFD228C092500670902 /* MNBaseRsp.m */ = {isa = PBXFileReference; fileEncoding = 4; lastKnownFileType = sourcecode.c.objc; path = MNBaseRsp.m; sourceTree = "<group>"; };
		97AC08962277DEC6007E5980 /* MNAppLogViewController.h */ = {isa = PBXFileReference; lastKnownFileType = sourcecode.c.h; path = MNAppLogViewController.h; sourceTree = "<group>"; };
		97AC08972277DEC6007E5980 /* MNAppLogViewController.m */ = {isa = PBXFileReference; lastKnownFileType = sourcecode.c.objc; path = MNAppLogViewController.m; sourceTree = "<group>"; };
		97AC089C22782618007E5980 /* MNPickerView.h */ = {isa = PBXFileReference; lastKnownFileType = sourcecode.c.h; path = MNPickerView.h; sourceTree = "<group>"; };
		97AC089D22782618007E5980 /* MNPickerView.m */ = {isa = PBXFileReference; lastKnownFileType = sourcecode.c.objc; path = MNPickerView.m; sourceTree = "<group>"; };
		97CFDC47227E6F390001E14C /* Test1ViewController.h */ = {isa = PBXFileReference; lastKnownFileType = sourcecode.c.h; path = Test1ViewController.h; sourceTree = "<group>"; };
		97CFDC48227E6F390001E14C /* Test1ViewController.m */ = {isa = PBXFileReference; lastKnownFileType = sourcecode.c.objc; path = Test1ViewController.m; sourceTree = "<group>"; };
		97E8264E2265C8B400AFA48C /* viewController.h */ = {isa = PBXFileReference; lastKnownFileType = sourcecode.c.h; path = viewController.h; sourceTree = "<group>"; };
		97E8264F2265C8B400AFA48C /* viewController.m */ = {isa = PBXFileReference; lastKnownFileType = sourcecode.c.objc; path = viewController.m; sourceTree = "<group>"; };
		97E826512265C8CD00AFA48C /* viewController.storyboard */ = {isa = PBXFileReference; lastKnownFileType = file.storyboard; path = viewController.storyboard; sourceTree = "<group>"; };
		FF310BD06385030E5D6435CA /* Pods-MNUtil.debug.xcconfig */ = {isa = PBXFileReference; includeInIndex = 1; lastKnownFileType = text.xcconfig; name = "Pods-MNUtil.debug.xcconfig"; path = "Pods/Target Support Files/Pods-MNUtil/Pods-MNUtil.debug.xcconfig"; sourceTree = "<group>"; };
/* End PBXFileReference section */

/* Begin PBXFrameworksBuildPhase section */
		958366FF1D8F8E0C005E5E9A /* Frameworks */ = {
			isa = PBXFrameworksBuildPhase;
			buildActionMask = 2147483647;
			files = (
				A28B94E0B4361F8936DB3497 /* Pods_MNUtil.framework in Frameworks */,
			);
			runOnlyForDeploymentPostprocessing = 0;
		};
		958367181D8F8E0C005E5E9A /* Frameworks */ = {
			isa = PBXFrameworksBuildPhase;
			buildActionMask = 2147483647;
			files = (
			);
			runOnlyForDeploymentPostprocessing = 0;
		};
		958367231D8F8E0C005E5E9A /* Frameworks */ = {
			isa = PBXFrameworksBuildPhase;
			buildActionMask = 2147483647;
			files = (
			);
			runOnlyForDeploymentPostprocessing = 0;
		};
/* End PBXFrameworksBuildPhase section */

/* Begin PBXGroup section */
		243EE80B4AFD7B681E33B98F /* Pods */ = {
			isa = PBXGroup;
			children = (
				FF310BD06385030E5D6435CA /* Pods-MNUtil.debug.xcconfig */,
				137BB5775311BE927CDD9F75 /* Pods-MNUtil.release.xcconfig */,
			);
			name = Pods;
			sourceTree = "<group>";
		};
		63010548C76D1886BB3B07C8 /* Frameworks */ = {
			isa = PBXGroup;
			children = (
				5EBE2B5ED206D27234CF28D8 /* Pods_MNUtil.framework */,
			);
			name = Frameworks;
			sourceTree = "<group>";
		};
		950021BF1FBAD6BA0013D4D1 /* 第三方库 */ = {
			isa = PBXGroup;
			children = (
				950021C01FBAD6BA0013D4D1 /* FDFullscreenPopGesture */,
				950021C31FBAD6BA0013D4D1 /* Log中文 */,
				950021C61FBAD6BA0013D4D1 /* 瀑布流layout */,
			);
			path = "第三方库";
			sourceTree = "<group>";
		};
		950021C01FBAD6BA0013D4D1 /* FDFullscreenPopGesture */ = {
			isa = PBXGroup;
			children = (
				950021C11FBAD6BA0013D4D1 /* UINavigationController+FDFullscreenPopGesture.h */,
				950021C21FBAD6BA0013D4D1 /* UINavigationController+FDFullscreenPopGesture.m */,
			);
			path = FDFullscreenPopGesture;
			sourceTree = "<group>";
		};
		950021C31FBAD6BA0013D4D1 /* Log中文 */ = {
			isa = PBXGroup;
			children = (
				950021C41FBAD6BA0013D4D1 /* NSArray+Log.h */,
				950021C51FBAD6BA0013D4D1 /* NSArray+Log.m */,
			);
			path = "Log中文";
			sourceTree = "<group>";
		};
		950021C61FBAD6BA0013D4D1 /* 瀑布流layout */ = {
			isa = PBXGroup;
			children = (
				950021C71FBAD6BA0013D4D1 /* XMGWaterflowLayout.h */,
				950021C81FBAD6BA0013D4D1 /* XMGWaterflowLayout.m */,
			);
			path = "瀑布流layout";
			sourceTree = "<group>";
		};
		950021CC1FBAD7440013D4D1 /* Supporting Files */ = {
			isa = PBXGroup;
			children = (
				97E8264E2265C8B400AFA48C /* viewController.h */,
				97E8264F2265C8B400AFA48C /* viewController.m */,
				97E826512265C8CD00AFA48C /* viewController.storyboard */,
				950021DF1FBAD8E20013D4D1 /* MNUtil.entitlements */,
				9500221F1FBADBAE0013D4D1 /* Launch Screen.storyboard */,
				950021DD1FBAD7820013D4D1 /* Assets.xcassets */,
				950021CD1FBAD7440013D4D1 /* AppDelegate.h */,
				950021CE1FBAD7440013D4D1 /* AppDelegate.mm */,
				950021CF1FBAD7440013D4D1 /* header.h */,
				950021D01FBAD7440013D4D1 /* Info.plist */,
				950021D11FBAD7440013D4D1 /* main.m */,
				950021D31FBAD7440013D4D1 /* MNUtil.pch */,
				97CFDC47227E6F390001E14C /* Test1ViewController.h */,
				97CFDC48227E6F390001E14C /* Test1ViewController.m */,
			);
			path = "Supporting Files";
			sourceTree = "<group>";
		};
		950022211FBADC200013D4D1 /* BaseClass */ = {
			isa = PBXGroup;
			children = (
				950022221FBADC7C0013D4D1 /* BaseTabBarViewController.h */,
				950022231FBADC7C0013D4D1 /* BaseTabBarViewController.m */,
				950022251FBADC990013D4D1 /* BaseNavigationBar.h */,
				950022261FBADC990013D4D1 /* BaseNavigationBar.m */,
				950022281FBADCB70013D4D1 /* BaseNavigationController.h */,
				950022291FBADCB70013D4D1 /* BaseNavigationController.m */,
				9500222B1FBADCC60013D4D1 /* BaseViewController.h */,
				9500222C1FBADCC60013D4D1 /* BaseViewController.m */,
			);
			path = BaseClass;
			sourceTree = "<group>";
		};
		954E859F1DDAAE9800BB575E /* 工具类 */ = {
			isa = PBXGroup;
			children = (
				950021D71FBAD7630013D4D1 /* LCNavigationController.h */,
				950021DA1FBAD7630013D4D1 /* LCNavigationController.m */,
				950021D81FBAD7630013D4D1 /* MNUtil.h */,
				950021D91FBAD7630013D4D1 /* MNUtil.m */,
			);
			path = "工具类";
			sourceTree = "<group>";
		};
		958366F91D8F8E0C005E5E9A = {
			isa = PBXGroup;
			children = (
				958367041D8F8E0C005E5E9A /* MNUtil */,
				9583671E1D8F8E0C005E5E9A /* MNUtilTests */,
				958367291D8F8E0C005E5E9A /* MNUtilUITests */,
				958367031D8F8E0C005E5E9A /* Products */,
				243EE80B4AFD7B681E33B98F /* Pods */,
				63010548C76D1886BB3B07C8 /* Frameworks */,
				9594BF811E827BAF006D8A1C /* MNUtil-Bridging-Header.h */,
			);
			sourceTree = "<group>";
		};
		958367031D8F8E0C005E5E9A /* Products */ = {
			isa = PBXGroup;
			children = (
				958367021D8F8E0C005E5E9A /* MNUtil.app */,
				9583671B1D8F8E0C005E5E9A /* MNUtilTests.xctest */,
				958367261D8F8E0C005E5E9A /* MNUtilUITests.xctest */,
			);
			name = Products;
			sourceTree = "<group>";
		};
		958367041D8F8E0C005E5E9A /* MNUtil */ = {
			isa = PBXGroup;
			children = (
				979B9AE0228C081400670902 /* DebugConfig */,
				979A77C7226D97EE00276CC7 /* MNLog */,
				979B9AF7228C092500670902 /* MNNetwork */,
				950022211FBADC200013D4D1 /* BaseClass */,
				950021BF1FBAD6BA0013D4D1 /* 第三方库 */,
				954E859F1DDAAE9800BB575E /* 工具类 */,
				950021CC1FBAD7440013D4D1 /* Supporting Files */,
			);
			path = MNUtil;
			sourceTree = "<group>";
		};
		9583671E1D8F8E0C005E5E9A /* MNUtilTests */ = {
			isa = PBXGroup;
			children = (
				9583671F1D8F8E0C005E5E9A /* MNUtilTests.m */,
				958367211D8F8E0C005E5E9A /* Info.plist */,
			);
			path = MNUtilTests;
			sourceTree = "<group>";
		};
		958367291D8F8E0C005E5E9A /* MNUtilUITests */ = {
			isa = PBXGroup;
			children = (
				9583672A1D8F8E0C005E5E9A /* MNUtilUITests.m */,
				9583672C1D8F8E0D005E5E9A /* Info.plist */,
			);
			path = MNUtilUITests;
			sourceTree = "<group>";
		};
		979A77C7226D97EE00276CC7 /* MNLog */ = {
			isa = PBXGroup;
			children = (
				979A77C8226D981200276CC7 /* MNLogManager.h */,
				979A77C9226D981200276CC7 /* MNLogManager.m */,
				97AC08962277DEC6007E5980 /* MNAppLogViewController.h */,
				97AC08972277DEC6007E5980 /* MNAppLogViewController.m */,
				97AC089C22782618007E5980 /* MNPickerView.h */,
				97AC089D22782618007E5980 /* MNPickerView.m */,
			);
			path = MNLog;
			sourceTree = "<group>";
		};
		979B9AE0228C081400670902 /* DebugConfig */ = {
			isa = PBXGroup;
			children = (
				979B9AEA228C086200670902 /* MNDebugConfigConst.h */,
				979B9AE8228C086200670902 /* MNDebugConfigModel.h */,
				979B9AEC228C086200670902 /* MNDebugConfigModel.m */,
				979B9AEB228C086200670902 /* MNDebugConfigViewController.h */,
				979B9AE9228C086200670902 /* MNDebugConfigViewController.m */,
			);
			path = DebugConfig;
			sourceTree = "<group>";
		};
		979B9AF7228C092500670902 /* MNNetwork */ = {
			isa = PBXGroup;
			children = (
				979B9AF8228C092500670902 /* MNBaseRsp.h */,
				979B9AF9228C092500670902 /* MNBaseReq.m */,
				979B9AFA228C092500670902 /* MNNetwork.h */,
				979B9AFB228C092500670902 /* MNNetwork.m */,
				979B9AFC228C092500670902 /* MNBaseReq.h */,
				979B9AFD228C092500670902 /* MNBaseRsp.m */,
			);
			name = MNNetwork;
			path = ../../../test/SocialOPS/SocialOPS/Other/MNNetwork;
			sourceTree = "<group>";
		};
/* End PBXGroup section */

/* Begin PBXNativeTarget section */
		958367011D8F8E0C005E5E9A /* MNUtil */ = {
			isa = PBXNativeTarget;
			buildConfigurationList = 9583672F1D8F8E0D005E5E9A /* Build configuration list for PBXNativeTarget "MNUtil" */;
			buildPhases = (
				8F3697ED970047204EB0C581 /* [CP] Check Pods Manifest.lock */,
				958366FE1D8F8E0C005E5E9A /* Sources */,
				958366FF1D8F8E0C005E5E9A /* Frameworks */,
				958367001D8F8E0C005E5E9A /* Resources */,
				224C09C60ED54F9D2058320B /* [CP] Embed Pods Frameworks */,
			);
			buildRules = (
			);
			dependencies = (
			);
			name = MNUtil;
			productName = MNUtil;
			productReference = 958367021D8F8E0C005E5E9A /* MNUtil.app */;
			productType = "com.apple.product-type.application";
		};
		9583671A1D8F8E0C005E5E9A /* MNUtilTests */ = {
			isa = PBXNativeTarget;
			buildConfigurationList = 958367321D8F8E0D005E5E9A /* Build configuration list for PBXNativeTarget "MNUtilTests" */;
			buildPhases = (
				958367171D8F8E0C005E5E9A /* Sources */,
				958367181D8F8E0C005E5E9A /* Frameworks */,
				958367191D8F8E0C005E5E9A /* Resources */,
			);
			buildRules = (
			);
			dependencies = (
				9583671D1D8F8E0C005E5E9A /* PBXTargetDependency */,
			);
			name = MNUtilTests;
			productName = MNUtilTests;
			productReference = 9583671B1D8F8E0C005E5E9A /* MNUtilTests.xctest */;
			productType = "com.apple.product-type.bundle.unit-test";
		};
		958367251D8F8E0C005E5E9A /* MNUtilUITests */ = {
			isa = PBXNativeTarget;
			buildConfigurationList = 958367351D8F8E0D005E5E9A /* Build configuration list for PBXNativeTarget "MNUtilUITests" */;
			buildPhases = (
				958367221D8F8E0C005E5E9A /* Sources */,
				958367231D8F8E0C005E5E9A /* Frameworks */,
				958367241D8F8E0C005E5E9A /* Resources */,
			);
			buildRules = (
			);
			dependencies = (
				958367281D8F8E0C005E5E9A /* PBXTargetDependency */,
			);
			name = MNUtilUITests;
			productName = MNUtilUITests;
			productReference = 958367261D8F8E0C005E5E9A /* MNUtilUITests.xctest */;
			productType = "com.apple.product-type.bundle.ui-testing";
		};
/* End PBXNativeTarget section */

/* Begin PBXProject section */
		958366FA1D8F8E0C005E5E9A /* Project object */ = {
			isa = PBXProject;
			attributes = {
				CLASSPREFIX = MN;
				LastUpgradeCheck = 1020;
				ORGANIZATIONNAME = jacknan;
				TargetAttributes = {
					958367011D8F8E0C005E5E9A = {
						CreatedOnToolsVersion = 8.0;
						DevelopmentTeam = 5WPH96WKVE;
						LastSwiftMigration = 0820;
						ProvisioningStyle = Automatic;
						SystemCapabilities = {
							com.apple.Push = {
								enabled = 0;
							};
						};
					};
					9583671A1D8F8E0C005E5E9A = {
						CreatedOnToolsVersion = 8.0;
						DevelopmentTeam = AP5VCSMC5A;
						ProvisioningStyle = Automatic;
						TestTargetID = 958367011D8F8E0C005E5E9A;
					};
					958367251D8F8E0C005E5E9A = {
						CreatedOnToolsVersion = 8.0;
						DevelopmentTeam = AP5VCSMC5A;
						ProvisioningStyle = Automatic;
						TestTargetID = 958367011D8F8E0C005E5E9A;
					};
				};
			};
			buildConfigurationList = 958366FD1D8F8E0C005E5E9A /* Build configuration list for PBXProject "MNUtil" */;
			compatibilityVersion = "Xcode 3.2";
			developmentRegion = en;
			hasScannedForEncodings = 0;
			knownRegions = (
				en,
				Base,
				"zh-Hans",
			);
			mainGroup = 958366F91D8F8E0C005E5E9A;
			productRefGroup = 958367031D8F8E0C005E5E9A /* Products */;
			projectDirPath = "";
			projectRoot = "";
			targets = (
				958367011D8F8E0C005E5E9A /* MNUtil */,
				9583671A1D8F8E0C005E5E9A /* MNUtilTests */,
				958367251D8F8E0C005E5E9A /* MNUtilUITests */,
			);
		};
/* End PBXProject section */

/* Begin PBXResourcesBuildPhase section */
		958367001D8F8E0C005E5E9A /* Resources */ = {
			isa = PBXResourcesBuildPhase;
			buildActionMask = 2147483647;
			files = (
				950022201FBADBAE0013D4D1 /* Launch Screen.storyboard in Resources */,
				97E826522265C8CD00AFA48C /* viewController.storyboard in Resources */,
				950021DE1FBAD7830013D4D1 /* Assets.xcassets in Resources */,
			);
			runOnlyForDeploymentPostprocessing = 0;
		};
		958367191D8F8E0C005E5E9A /* Resources */ = {
			isa = PBXResourcesBuildPhase;
			buildActionMask = 2147483647;
			files = (
			);
			runOnlyForDeploymentPostprocessing = 0;
		};
		958367241D8F8E0C005E5E9A /* Resources */ = {
			isa = PBXResourcesBuildPhase;
			buildActionMask = 2147483647;
			files = (
			);
			runOnlyForDeploymentPostprocessing = 0;
		};
/* End PBXResourcesBuildPhase section */

/* Begin PBXShellScriptBuildPhase section */
		224C09C60ED54F9D2058320B /* [CP] Embed Pods Frameworks */ = {
			isa = PBXShellScriptBuildPhase;
			buildActionMask = 2147483647;
			files = (
			);
			inputPaths = (
				"${PODS_ROOT}/Target Support Files/Pods-MNUtil/Pods-MNUtil-frameworks.sh",
				"${BUILT_PRODUCTS_DIR}/AFNetworking/AFNetworking.framework",
				"${BUILT_PRODUCTS_DIR}/Aspects/Aspects.framework",
				"${BUILT_PRODUCTS_DIR}/Colours/Colours.framework",
				"${BUILT_PRODUCTS_DIR}/DateTools/DateTools.framework",
				"${BUILT_PRODUCTS_DIR}/FMDB/FMDB.framework",
				"${BUILT_PRODUCTS_DIR}/KSCrash/KSCrash.framework",
				"${BUILT_PRODUCTS_DIR}/MJExtension/MJExtension.framework",
				"${BUILT_PRODUCTS_DIR}/MJRefresh/MJRefresh.framework",
				"${BUILT_PRODUCTS_DIR}/Masonry/Masonry.framework",
				"${BUILT_PRODUCTS_DIR}/UITableView+FDTemplateLayoutCell/UITableView_FDTemplateLayoutCell.framework",
				"${BUILT_PRODUCTS_DIR}/YYCache/YYCache.framework",
			);
			name = "[CP] Embed Pods Frameworks";
			outputPaths = (
				"${TARGET_BUILD_DIR}/${FRAMEWORKS_FOLDER_PATH}/AFNetworking.framework",
				"${TARGET_BUILD_DIR}/${FRAMEWORKS_FOLDER_PATH}/Aspects.framework",
				"${TARGET_BUILD_DIR}/${FRAMEWORKS_FOLDER_PATH}/Colours.framework",
				"${TARGET_BUILD_DIR}/${FRAMEWORKS_FOLDER_PATH}/DateTools.framework",
				"${TARGET_BUILD_DIR}/${FRAMEWORKS_FOLDER_PATH}/FMDB.framework",
				"${TARGET_BUILD_DIR}/${FRAMEWORKS_FOLDER_PATH}/KSCrash.framework",
				"${TARGET_BUILD_DIR}/${FRAMEWORKS_FOLDER_PATH}/MJExtension.framework",
				"${TARGET_BUILD_DIR}/${FRAMEWORKS_FOLDER_PATH}/MJRefresh.framework",
				"${TARGET_BUILD_DIR}/${FRAMEWORKS_FOLDER_PATH}/Masonry.framework",
				"${TARGET_BUILD_DIR}/${FRAMEWORKS_FOLDER_PATH}/UITableView_FDTemplateLayoutCell.framework",
				"${TARGET_BUILD_DIR}/${FRAMEWORKS_FOLDER_PATH}/YYCache.framework",
			);
			runOnlyForDeploymentPostprocessing = 0;
			shellPath = /bin/sh;
			shellScript = "\"${PODS_ROOT}/Target Support Files/Pods-MNUtil/Pods-MNUtil-frameworks.sh\"\n";
			showEnvVarsInLog = 0;
		};
		8F3697ED970047204EB0C581 /* [CP] Check Pods Manifest.lock */ = {
			isa = PBXShellScriptBuildPhase;
			buildActionMask = 2147483647;
			files = (
			);
			inputPaths = (
				"${PODS_PODFILE_DIR_PATH}/Podfile.lock",
				"${PODS_ROOT}/Manifest.lock",
			);
			name = "[CP] Check Pods Manifest.lock";
			outputPaths = (
				"$(DERIVED_FILE_DIR)/Pods-MNUtil-checkManifestLockResult.txt",
			);
			runOnlyForDeploymentPostprocessing = 0;
			shellPath = /bin/sh;
			shellScript = "diff \"${PODS_PODFILE_DIR_PATH}/Podfile.lock\" \"${PODS_ROOT}/Manifest.lock\" > /dev/null\nif [ $? != 0 ] ; then\n    # print error to STDERR\n    echo \"error: The sandbox is not in sync with the Podfile.lock. Run 'pod install' or update your CocoaPods installation.\" >&2\n    exit 1\nfi\n# This output is used by Xcode 'outputs' to avoid re-running this script phase.\necho \"SUCCESS\" > \"${SCRIPT_OUTPUT_FILE_0}\"\n";
			showEnvVarsInLog = 0;
		};
/* End PBXShellScriptBuildPhase section */

/* Begin PBXSourcesBuildPhase section */
		958366FE1D8F8E0C005E5E9A /* Sources */ = {
			isa = PBXSourcesBuildPhase;
			buildActionMask = 2147483647;
			files = (
				950021DC1FBAD7640013D4D1 /* LCNavigationController.m in Sources */,
				97AC08982277DEC6007E5980 /* MNAppLogViewController.m in Sources */,
				979B9AED228C086200670902 /* MNDebugConfigViewController.m in Sources */,
				950021CB1FBAD6BA0013D4D1 /* XMGWaterflowLayout.m in Sources */,
				9500222D1FBADCC60013D4D1 /* BaseViewController.m in Sources */,
				97E826502265C8B400AFA48C /* viewController.m in Sources */,
				950021CA1FBAD6BA0013D4D1 /* NSArray+Log.m in Sources */,
				950022241FBADC7C0013D4D1 /* BaseTabBarViewController.m in Sources */,
				9500222A1FBADCB70013D4D1 /* BaseNavigationController.m in Sources */,
				950022271FBADC990013D4D1 /* BaseNavigationBar.m in Sources */,
				950021DB1FBAD7640013D4D1 /* MNUtil.m in Sources */,
				979B9AEE228C086200670902 /* MNDebugConfigModel.m in Sources */,
				950021C91FBAD6BA0013D4D1 /* UINavigationController+FDFullscreenPopGesture.m in Sources */,
				950021D61FBAD7440013D4D1 /* main.m in Sources */,
				979B9B00228C092500670902 /* MNBaseRsp.m in Sources */,
				97AC089E22782618007E5980 /* MNPickerView.m in Sources */,
				979B9AFE228C092500670902 /* MNBaseReq.m in Sources */,
				97CFDC49227E6F390001E14C /* Test1ViewController.m in Sources */,
				950021D41FBAD7440013D4D1 /* AppDelegate.mm in Sources */,
				979A77CA226D981200276CC7 /* MNLogManager.m in Sources */,
				979B9AFF228C092500670902 /* MNNetwork.m in Sources */,
			);
			runOnlyForDeploymentPostprocessing = 0;
		};
		958367171D8F8E0C005E5E9A /* Sources */ = {
			isa = PBXSourcesBuildPhase;
			buildActionMask = 2147483647;
			files = (
				958367201D8F8E0C005E5E9A /* MNUtilTests.m in Sources */,
			);
			runOnlyForDeploymentPostprocessing = 0;
		};
		958367221D8F8E0C005E5E9A /* Sources */ = {
			isa = PBXSourcesBuildPhase;
			buildActionMask = 2147483647;
			files = (
				9583672B1D8F8E0C005E5E9A /* MNUtilUITests.m in Sources */,
			);
			runOnlyForDeploymentPostprocessing = 0;
		};
/* End PBXSourcesBuildPhase section */

/* Begin PBXTargetDependency section */
		9583671D1D8F8E0C005E5E9A /* PBXTargetDependency */ = {
			isa = PBXTargetDependency;
			target = 958367011D8F8E0C005E5E9A /* MNUtil */;
			targetProxy = 9583671C1D8F8E0C005E5E9A /* PBXContainerItemProxy */;
		};
		958367281D8F8E0C005E5E9A /* PBXTargetDependency */ = {
			isa = PBXTargetDependency;
			target = 958367011D8F8E0C005E5E9A /* MNUtil */;
			targetProxy = 958367271D8F8E0C005E5E9A /* PBXContainerItemProxy */;
		};
/* End PBXTargetDependency section */

/* Begin XCBuildConfiguration section */
		9583672D1D8F8E0D005E5E9A /* Debug */ = {
			isa = XCBuildConfiguration;
			buildSettings = {
				ALWAYS_SEARCH_USER_PATHS = NO;
				CLANG_ANALYZER_LOCALIZABILITY_NONLOCALIZED = YES;
				CLANG_ANALYZER_NONNULL = YES;
				CLANG_CXX_LANGUAGE_STANDARD = "gnu++0x";
				CLANG_CXX_LIBRARY = "libc++";
				CLANG_ENABLE_MODULES = YES;
				CLANG_ENABLE_OBJC_ARC = YES;
				CLANG_WARN_BLOCK_CAPTURE_AUTORELEASING = YES;
				CLANG_WARN_BOOL_CONVERSION = YES;
				CLANG_WARN_COMMA = YES;
				CLANG_WARN_CONSTANT_CONVERSION = YES;
				CLANG_WARN_DEPRECATED_OBJC_IMPLEMENTATIONS = YES;
				CLANG_WARN_DIRECT_OBJC_ISA_USAGE = YES_ERROR;
				CLANG_WARN_DOCUMENTATION_COMMENTS = YES;
				CLANG_WARN_EMPTY_BODY = YES;
				CLANG_WARN_ENUM_CONVERSION = YES;
				CLANG_WARN_INFINITE_RECURSION = YES;
				CLANG_WARN_INT_CONVERSION = YES;
				CLANG_WARN_NON_LITERAL_NULL_CONVERSION = YES;
				CLANG_WARN_OBJC_IMPLICIT_RETAIN_SELF = YES;
				CLANG_WARN_OBJC_LITERAL_CONVERSION = YES;
				CLANG_WARN_OBJC_ROOT_CLASS = YES_ERROR;
				CLANG_WARN_RANGE_LOOP_ANALYSIS = YES;
				CLANG_WARN_STRICT_PROTOTYPES = YES;
				CLANG_WARN_SUSPICIOUS_MOVE = YES;
				CLANG_WARN_SUSPICIOUS_MOVES = YES;
				CLANG_WARN_UNREACHABLE_CODE = YES;
				CLANG_WARN__DUPLICATE_METHOD_MATCH = YES;
				"CODE_SIGN_IDENTITY[sdk=iphoneos*]" = "iPhone Developer";
				COPY_PHASE_STRIP = NO;
				DEBUG_INFORMATION_FORMAT = dwarf;
				ENABLE_STRICT_OBJC_MSGSEND = YES;
				ENABLE_TESTABILITY = YES;
				GCC_C_LANGUAGE_STANDARD = gnu99;
				GCC_DYNAMIC_NO_PIC = NO;
				GCC_NO_COMMON_BLOCKS = YES;
				GCC_OPTIMIZATION_LEVEL = 0;
				GCC_PRECOMPILE_PREFIX_HEADER = YES;
				GCC_PREPROCESSOR_DEFINITIONS = (
					"DEBUG=1",
					"$(inherited)",
				);
				GCC_WARN_64_TO_32_BIT_CONVERSION = YES;
				GCC_WARN_ABOUT_RETURN_TYPE = YES_ERROR;
				GCC_WARN_UNDECLARED_SELECTOR = YES;
				GCC_WARN_UNINITIALIZED_AUTOS = YES_AGGRESSIVE;
				GCC_WARN_UNUSED_FUNCTION = YES;
				GCC_WARN_UNUSED_VARIABLE = YES;
				IPHONEOS_DEPLOYMENT_TARGET = 8.0;
				MTL_ENABLE_DEBUG_INFO = YES;
				ONLY_ACTIVE_ARCH = YES;
				SDKROOT = iphoneos;
			};
			name = Debug;
		};
		9583672E1D8F8E0D005E5E9A /* Release */ = {
			isa = XCBuildConfiguration;
			buildSettings = {
				ALWAYS_SEARCH_USER_PATHS = NO;
				CLANG_ANALYZER_LOCALIZABILITY_NONLOCALIZED = YES;
				CLANG_ANALYZER_NONNULL = YES;
				CLANG_CXX_LANGUAGE_STANDARD = "gnu++0x";
				CLANG_CXX_LIBRARY = "libc++";
				CLANG_ENABLE_MODULES = YES;
				CLANG_ENABLE_OBJC_ARC = YES;
				CLANG_WARN_BLOCK_CAPTURE_AUTORELEASING = YES;
				CLANG_WARN_BOOL_CONVERSION = YES;
				CLANG_WARN_COMMA = YES;
				CLANG_WARN_CONSTANT_CONVERSION = YES;
				CLANG_WARN_DEPRECATED_OBJC_IMPLEMENTATIONS = YES;
				CLANG_WARN_DIRECT_OBJC_ISA_USAGE = YES_ERROR;
				CLANG_WARN_DOCUMENTATION_COMMENTS = YES;
				CLANG_WARN_EMPTY_BODY = YES;
				CLANG_WARN_ENUM_CONVERSION = YES;
				CLANG_WARN_INFINITE_RECURSION = YES;
				CLANG_WARN_INT_CONVERSION = YES;
				CLANG_WARN_NON_LITERAL_NULL_CONVERSION = YES;
				CLANG_WARN_OBJC_IMPLICIT_RETAIN_SELF = YES;
				CLANG_WARN_OBJC_LITERAL_CONVERSION = YES;
				CLANG_WARN_OBJC_ROOT_CLASS = YES_ERROR;
				CLANG_WARN_RANGE_LOOP_ANALYSIS = YES;
				CLANG_WARN_STRICT_PROTOTYPES = YES;
				CLANG_WARN_SUSPICIOUS_MOVE = YES;
				CLANG_WARN_SUSPICIOUS_MOVES = YES;
				CLANG_WARN_UNREACHABLE_CODE = YES;
				CLANG_WARN__DUPLICATE_METHOD_MATCH = YES;
				"CODE_SIGN_IDENTITY[sdk=iphoneos*]" = "iPhone Developer";
				COPY_PHASE_STRIP = NO;
				DEBUG_INFORMATION_FORMAT = "dwarf-with-dsym";
				ENABLE_NS_ASSERTIONS = NO;
				ENABLE_STRICT_OBJC_MSGSEND = YES;
				GCC_C_LANGUAGE_STANDARD = gnu99;
				GCC_NO_COMMON_BLOCKS = YES;
				GCC_PRECOMPILE_PREFIX_HEADER = YES;
				GCC_WARN_64_TO_32_BIT_CONVERSION = YES;
				GCC_WARN_ABOUT_RETURN_TYPE = YES_ERROR;
				GCC_WARN_UNDECLARED_SELECTOR = YES;
				GCC_WARN_UNINITIALIZED_AUTOS = YES_AGGRESSIVE;
				GCC_WARN_UNUSED_FUNCTION = YES;
				GCC_WARN_UNUSED_VARIABLE = YES;
				IPHONEOS_DEPLOYMENT_TARGET = 8.0;
				MTL_ENABLE_DEBUG_INFO = NO;
				SDKROOT = iphoneos;
				VALIDATE_PRODUCT = YES;
			};
			name = Release;
		};
		958367301D8F8E0D005E5E9A /* Debug */ = {
			isa = XCBuildConfiguration;
			baseConfigurationReference = FF310BD06385030E5D6435CA /* Pods-MNUtil.debug.xcconfig */;
			buildSettings = {
				ASSETCATALOG_COMPILER_APPICON_NAME = AppIcon;
				CLANG_ENABLE_MODULES = YES;
				DEFINES_MODULE = YES;
				DEVELOPMENT_TEAM = 5WPH96WKVE;
				ENABLE_BITCODE = NO;
				GCC_PRECOMPILE_PREFIX_HEADER = YES;
				GCC_PREFIX_HEADER = "$(SRCROOT)/MNUtil/Supporting Files/MNUtil.pch";
				INFOPLIST_FILE = "$(SRCROOT)/MNUtil/Supporting Files/Info.plist";
				IPHONEOS_DEPLOYMENT_TARGET = 9.0;
				LD_RUNPATH_SEARCH_PATHS = "$(inherited) @executable_path/Frameworks";
				PRODUCT_BUNDLE_IDENTIFIER = jn.com.MNUtil;
				PRODUCT_NAME = "$(TARGET_NAME)";
				SWIFT_OBJC_BRIDGING_HEADER = "MNUtil-Bridging-Header.h";
				SWIFT_OPTIMIZATION_LEVEL = "-Onone";
				SWIFT_VERSION = 5.0;
			};
			name = Debug;
		};
		958367311D8F8E0D005E5E9A /* Release */ = {
			isa = XCBuildConfiguration;
			baseConfigurationReference = 137BB5775311BE927CDD9F75 /* Pods-MNUtil.release.xcconfig */;
			buildSettings = {
				ASSETCATALOG_COMPILER_APPICON_NAME = AppIcon;
				CLANG_ENABLE_MODULES = YES;
				DEFINES_MODULE = YES;
				DEVELOPMENT_TEAM = 5WPH96WKVE;
				ENABLE_BITCODE = NO;
				GCC_PRECOMPILE_PREFIX_HEADER = YES;
				GCC_PREFIX_HEADER = "$(SRCROOT)/MNUtil/Supporting Files/MNUtil.pch";
				INFOPLIST_FILE = "$(SRCROOT)/MNUtil/Supporting Files/Info.plist";
				IPHONEOS_DEPLOYMENT_TARGET = 9.0;
				LD_RUNPATH_SEARCH_PATHS = "$(inherited) @executable_path/Frameworks";
				PRODUCT_BUNDLE_IDENTIFIER = jn.com.MNUtil;
				PRODUCT_NAME = "$(TARGET_NAME)";
				SWIFT_OBJC_BRIDGING_HEADER = "MNUtil-Bridging-Header.h";
				SWIFT_VERSION = 5.0;
			};
			name = Release;
		};
		958367331D8F8E0D005E5E9A /* Debug */ = {
			isa = XCBuildConfiguration;
			buildSettings = {
				BUNDLE_LOADER = "$(TEST_HOST)";
				DEVELOPMENT_TEAM = AP5VCSMC5A;
				INFOPLIST_FILE = MNUtilTests/Info.plist;
				LD_RUNPATH_SEARCH_PATHS = "$(inherited) @executable_path/Frameworks @loader_path/Frameworks";
				PRODUCT_BUNDLE_IDENTIFIER = jn.com.MNUtilTests;
				PRODUCT_NAME = "$(TARGET_NAME)";
				TEST_HOST = "$(BUILT_PRODUCTS_DIR)/MNUtil.app/MNUtil";
			};
			name = Debug;
		};
		958367341D8F8E0D005E5E9A /* Release */ = {
			isa = XCBuildConfiguration;
			buildSettings = {
				BUNDLE_LOADER = "$(TEST_HOST)";
				DEVELOPMENT_TEAM = AP5VCSMC5A;
				INFOPLIST_FILE = MNUtilTests/Info.plist;
				LD_RUNPATH_SEARCH_PATHS = "$(inherited) @executable_path/Frameworks @loader_path/Frameworks";
				PRODUCT_BUNDLE_IDENTIFIER = jn.com.MNUtilTests;
				PRODUCT_NAME = "$(TARGET_NAME)";
				TEST_HOST = "$(BUILT_PRODUCTS_DIR)/MNUtil.app/MNUtil";
			};
			name = Release;
		};
		958367361D8F8E0D005E5E9A /* Debug */ = {
			isa = XCBuildConfiguration;
			buildSettings = {
				DEVELOPMENT_TEAM = AP5VCSMC5A;
				INFOPLIST_FILE = MNUtilUITests/Info.plist;
				LD_RUNPATH_SEARCH_PATHS = "$(inherited) @executable_path/Frameworks @loader_path/Frameworks";
				PRODUCT_BUNDLE_IDENTIFIER = jn.com.MNUtilUITests;
				PRODUCT_NAME = "$(TARGET_NAME)";
				TEST_TARGET_NAME = MNUtil;
			};
			name = Debug;
		};
		958367371D8F8E0D005E5E9A /* Release */ = {
			isa = XCBuildConfiguration;
			buildSettings = {
				DEVELOPMENT_TEAM = AP5VCSMC5A;
				INFOPLIST_FILE = MNUtilUITests/Info.plist;
				LD_RUNPATH_SEARCH_PATHS = "$(inherited) @executable_path/Frameworks @loader_path/Frameworks";
				PRODUCT_BUNDLE_IDENTIFIER = jn.com.MNUtilUITests;
				PRODUCT_NAME = "$(TARGET_NAME)";
				TEST_TARGET_NAME = MNUtil;
			};
			name = Release;
		};
/* End XCBuildConfiguration section */

/* Begin XCConfigurationList section */
		958366FD1D8F8E0C005E5E9A /* Build configuration list for PBXProject "MNUtil" */ = {
			isa = XCConfigurationList;
			buildConfigurations = (
				9583672D1D8F8E0D005E5E9A /* Debug */,
				9583672E1D8F8E0D005E5E9A /* Release */,
			);
			defaultConfigurationIsVisible = 0;
			defaultConfigurationName = Release;
		};
		9583672F1D8F8E0D005E5E9A /* Build configuration list for PBXNativeTarget "MNUtil" */ = {
			isa = XCConfigurationList;
			buildConfigurations = (
				958367301D8F8E0D005E5E9A /* Debug */,
				958367311D8F8E0D005E5E9A /* Release */,
			);
			defaultConfigurationIsVisible = 0;
			defaultConfigurationName = Release;
		};
		958367321D8F8E0D005E5E9A /* Build configuration list for PBXNativeTarget "MNUtilTests" */ = {
			isa = XCConfigurationList;
			buildConfigurations = (
				958367331D8F8E0D005E5E9A /* Debug */,
				958367341D8F8E0D005E5E9A /* Release */,
			);
			defaultConfigurationIsVisible = 0;
			defaultConfigurationName = Release;
		};
		958367351D8F8E0D005E5E9A /* Build configuration list for PBXNativeTarget "MNUtilUITests" */ = {
			isa = XCConfigurationList;
			buildConfigurations = (
				958367361D8F8E0D005E5E9A /* Debug */,
				958367371D8F8E0D005E5E9A /* Release */,
			);
			defaultConfigurationIsVisible = 0;
			defaultConfigurationName = Release;
		};
/* End XCConfigurationList section */
	};
	rootObject = 958366FA1D8F8E0C005E5E9A /* Project object */;
}
